PODS:
  - Swinject (2.6.0)
  - SwinjectStoryboard (2.2.0):
    - Swinject (~> 2.6)

DEPENDENCIES:
  - Swinject (~> 2.6)
  - SwinjectStoryboard (~> 2.2)

SPEC REPOS:
  https://github.com/cocoapods/specs.git:
    - Swinject
    - SwinjectStoryboard

SPEC CHECKSUMS:
  Swinject: 48a96cda93633cf2860697b4ce76ab5db9ebaca2
  SwinjectStoryboard: 32512ef16c2b0ff5b8f823b23539c4a50f6d3383

PODFILE CHECKSUM: c25efa518c9b4b508280395b38cb710c6eb03ce3

COCOAPODS: 1.6.1
