// !$*UTF8*$!
{
	archiveVersion = 1;
	classes = {
	};
	objectVersion = 50;
	objects = {

/* Begin PBXBuildFile section */
		04AEDFB63981EDEF7B9C4BEA /* Pods_AR_ProgrammingTests.framework in Frameworks */ = {isa = PBXBuildFile; fileRef = 81B3ED8214579B6F33DA8F08 /* Pods_AR_ProgrammingTests.framework */; };
		204AEC12220DC9F500E0F624 /* HiddenTabBarViewController.swift in Sources */ = {isa = PBXBuildFile; fileRef = 204AEC11220DC9F500E0F624 /* HiddenTabBarViewController.swift */; };
		204AEC14220DCA1E00E0F624 /* ARContainerViewController.swift in Sources */ = {isa = PBXBuildFile; fileRef = 204AEC13220DCA1E00E0F624 /* ARContainerViewController.swift */; };
		204BC648222D6DD000D34B07 /* Component.swift in Sources */ = {isa = PBXBuildFile; fileRef = 204BC647222D6DD000D34B07 /* Component.swift */; };
		5621C83A221AE5F800756628 /* SCNVector3+Helpers.swift in Sources */ = {isa = PBXBuildFile; fileRef = 5621C839221AE5F800756628 /* SCNVector3+Helpers.swift */; };
		5621C83C221AE67A00756628 /* simd_float4x4+Helpers.swift in Sources */ = {isa = PBXBuildFile; fileRef = 5621C83B221AE67A00756628 /* simd_float4x4+Helpers.swift */; };
		5627ECAF220EEFA800DCC32E /* CardGraphDetector.swift in Sources */ = {isa = PBXBuildFile; fileRef = 5627ECAE220EEFA800DCC32E /* CardGraphDetector.swift */; };
		5627ECB1220EF57700DCC32E /* CardNodeDetector.swift in Sources */ = {isa = PBXBuildFile; fileRef = 5627ECB0220EF57700DCC32E /* CardNodeDetector.swift */; };
		562CCA63220D74AF00BF6A8D /* RotationCard.swift in Sources */ = {isa = PBXBuildFile; fileRef = 562CCA4A220D74AD00BF6A8D /* RotationCard.swift */; };
		562CCA64220D74AF00BF6A8D /* RandomBranchCard.swift in Sources */ = {isa = PBXBuildFile; fileRef = 562CCA4B220D74AD00BF6A8D /* RandomBranchCard.swift */; };
		562CCA65220D74AF00BF6A8D /* Card.swift in Sources */ = {isa = PBXBuildFile; fileRef = 562CCA4C220D74AD00BF6A8D /* Card.swift */; };
		562CCA66220D74AF00BF6A8D /* StartCard.swift in Sources */ = {isa = PBXBuildFile; fileRef = 562CCA4D220D74AD00BF6A8D /* StartCard.swift */; };
		562CCA67220D74AF00BF6A8D /* RightCard.swift in Sources */ = {isa = PBXBuildFile; fileRef = 562CCA4E220D74AD00BF6A8D /* RightCard.swift */; };
		562CCA68220D74AF00BF6A8D /* LeftCard.swift in Sources */ = {isa = PBXBuildFile; fileRef = 562CCA4F220D74AD00BF6A8D /* LeftCard.swift */; };
		562CCA69220D74AF00BF6A8D /* MoveCard.swift in Sources */ = {isa = PBXBuildFile; fileRef = 562CCA50220D74AD00BF6A8D /* MoveCard.swift */; };
		562CCA6A220D74AF00BF6A8D /* JumpCard.swift in Sources */ = {isa = PBXBuildFile; fileRef = 562CCA51220D74AD00BF6A8D /* JumpCard.swift */; };
		562CCA6B220D74AF00BF6A8D /* StatementCard.swift in Sources */ = {isa = PBXBuildFile; fileRef = 562CCA52220D74AD00BF6A8D /* StatementCard.swift */; };
		562CCA6C220D74AF00BF6A8D /* CardNodeFactory.swift in Sources */ = {isa = PBXBuildFile; fileRef = 562CCA53220D74AD00BF6A8D /* CardNodeFactory.swift */; };
		562CCA6E220D74AF00BF6A8D /* CardSequenceError.swift in Sources */ = {isa = PBXBuildFile; fileRef = 562CCA55220D74AD00BF6A8D /* CardSequenceError.swift */; };
		562CCA6F220D74AF00BF6A8D /* Program.swift in Sources */ = {isa = PBXBuildFile; fileRef = 562CCA56220D74AD00BF6A8D /* Program.swift */; };
		562CCA70220D74AF00BF6A8D /* CardNode.swift in Sources */ = {isa = PBXBuildFile; fileRef = 562CCA57220D74AD00BF6A8D /* CardNode.swift */; };
		562CCA72220D74AF00BF6A8D /* ProgramEditor.swift in Sources */ = {isa = PBXBuildFile; fileRef = 562CCA59220D74AD00BF6A8D /* ProgramEditor.swift */; };
		562CCA73220D74AF00BF6A8D /* SuccessorCardNode.swift in Sources */ = {isa = PBXBuildFile; fileRef = 562CCA5A220D74AD00BF6A8D /* SuccessorCardNode.swift */; };
		562CCA74220D74AF00BF6A8D /* ObservationEdge.swift in Sources */ = {isa = PBXBuildFile; fileRef = 562CCA5C220D74AF00BF6A8D /* ObservationEdge.swift */; };
		562CCA77220D74AF00BF6A8D /* ObservationSet.swift in Sources */ = {isa = PBXBuildFile; fileRef = 562CCA5F220D74AF00BF6A8D /* ObservationSet.swift */; };
		562CCA78220D74AF00BF6A8D /* ObservationGraph.swift in Sources */ = {isa = PBXBuildFile; fileRef = 562CCA60220D74AF00BF6A8D /* ObservationGraph.swift */; };
		562CCA79220D74AF00BF6A8D /* BarcodeDetector.swift in Sources */ = {isa = PBXBuildFile; fileRef = 562CCA61220D74AF00BF6A8D /* BarcodeDetector.swift */; };
		562CCA7A220D74AF00BF6A8D /* ObservationNode.swift in Sources */ = {isa = PBXBuildFile; fileRef = 562CCA62220D74AF00BF6A8D /* ObservationNode.swift */; };
		562CCA7E220D750100BF6A8D /* Double+Helpers.swift in Sources */ = {isa = PBXBuildFile; fileRef = 562CCA7C220D74FF00BF6A8D /* Double+Helpers.swift */; };
		562CCA7F220D750100BF6A8D /* CGImagePropertyOrientation+Helpers.swift in Sources */ = {isa = PBXBuildFile; fileRef = 562CCA7D220D750100BF6A8D /* CGImagePropertyOrientation+Helpers.swift */; };
		562CCA9C220D92BC00BF6A8D /* CardNodeFactoryTests.swift in Sources */ = {isa = PBXBuildFile; fileRef = 562CCA99220D92B700BF6A8D /* CardNodeFactoryTests.swift */; };
		562CCA9D220D92BC00BF6A8D /* CardTests.swift in Sources */ = {isa = PBXBuildFile; fileRef = 562CCA9A220D92B900BF6A8D /* CardTests.swift */; };
		562CCA9E220D92BC00BF6A8D /* SuccessorCardNodeTests.swift in Sources */ = {isa = PBXBuildFile; fileRef = 562CCA9B220D92BC00BF6A8D /* SuccessorCardNodeTests.swift */; };
		562CCAA3220D92CF00BF6A8D /* ObservationSetTests.swift in Sources */ = {isa = PBXBuildFile; fileRef = 562CCA9F220D92C700BF6A8D /* ObservationSetTests.swift */; };
		562CCAA4220D92CF00BF6A8D /* ObservationGraphTests.swift in Sources */ = {isa = PBXBuildFile; fileRef = 562CCAA0220D92CA00BF6A8D /* ObservationGraphTests.swift */; };
		562CCAA5220D92CF00BF6A8D /* ObservationEdgeTests.swift in Sources */ = {isa = PBXBuildFile; fileRef = 562CCAA1220D92CC00BF6A8D /* ObservationEdgeTests.swift */; };
		562CCAAC220D933E00BF6A8D /* Double+HelpersTests.swift in Sources */ = {isa = PBXBuildFile; fileRef = 562CCAAB220D933E00BF6A8D /* Double+HelpersTests.swift */; };
		562ECC982210707D008C580E /* ProgramEditorTests.swift in Sources */ = {isa = PBXBuildFile; fileRef = 562ECC972210707D008C580E /* ProgramEditorTests.swift */; };
		56413DFD220E2AC30064332E /* GameplayController.swift in Sources */ = {isa = PBXBuildFile; fileRef = 56413DFC220E2AC30064332E /* GameplayController.swift */; };
		56431D2922328C7700BFAC36 /* QuantityComponent.swift in Sources */ = {isa = PBXBuildFile; fileRef = 56431D2822328C7700BFAC36 /* QuantityComponent.swift */; };
		56431D372232969A00BFAC36 /* Levels in Resources */ = {isa = PBXBuildFile; fileRef = 56431D362232969A00BFAC36 /* Levels */; };
		56431D392232A82700BFAC36 /* UpdateDelegate.swift in Sources */ = {isa = PBXBuildFile; fileRef = 56431D382232A82700BFAC36 /* UpdateDelegate.swift */; };
		56431D3B2232AA9A00BFAC36 /* Level.swift in Sources */ = {isa = PBXBuildFile; fileRef = 56431D3A2232AA9A00BFAC36 /* Level.swift */; };
		568AE7742223064D00A7348C /* EntityTests.swift in Sources */ = {isa = PBXBuildFile; fileRef = 568AE7732223064D00A7348C /* EntityTests.swift */; };
		568AE77622233AC100A7348C /* EntityManagerTests.swift in Sources */ = {isa = PBXBuildFile; fileRef = 568AE77522233AC100A7348C /* EntityManagerTests.swift */; };
		56A55AE42224728500A8CEE3 /* AddRemoveDelegateMock.swift in Sources */ = {isa = PBXBuildFile; fileRef = 56A55AE32224728500A8CEE3 /* AddRemoveDelegateMock.swift */; };
		56A62B0E22310727009D0E83 /* EntityModelLoader.swift in Sources */ = {isa = PBXBuildFile; fileRef = 56A62B0D22310727009D0E83 /* EntityModelLoader.swift */; };
		56A62B10223107F3009D0E83 /* ResourceComponent.swift in Sources */ = {isa = PBXBuildFile; fileRef = 56A62B0F223107F3009D0E83 /* ResourceComponent.swift */; };
		56A62B122231097E009D0E83 /* SCNNodeComponent.swift in Sources */ = {isa = PBXBuildFile; fileRef = 56A62B112231097E009D0E83 /* SCNNodeComponent.swift */; };
		56A62B1422310CEB009D0E83 /* TransformComponent.swift in Sources */ = {isa = PBXBuildFile; fileRef = 56A62B1322310CEB009D0E83 /* TransformComponent.swift */; };
		56A62B1622310DA2009D0E83 /* simd_double3+Helpers.swift in Sources */ = {isa = PBXBuildFile; fileRef = 56A62B1522310DA2009D0E83 /* simd_double3+Helpers.swift */; };
		56A62B1822310E8D009D0E83 /* simd_quatd+Helpers.swift in Sources */ = {isa = PBXBuildFile; fileRef = 56A62B1722310E8D009D0E83 /* simd_quatd+Helpers.swift */; };
		56A62B1A22311501009D0E83 /* LevelFactory.swift in Sources */ = {isa = PBXBuildFile; fileRef = 56A62B1922311501009D0E83 /* LevelFactory.swift */; };
		56A62B1C223115B9009D0E83 /* QuantityLevel.swift in Sources */ = {isa = PBXBuildFile; fileRef = 56A62B1B223115B9009D0E83 /* QuantityLevel.swift */; };
		56AEAC63221EC4CF00ACED36 /* SubtitleLabel.xib in Resources */ = {isa = PBXBuildFile; fileRef = 56AEAC62221EC4CF00ACED36 /* SubtitleLabel.xib */; };
		56AEAC65221EC63800ACED36 /* SubtitleLabel.swift in Sources */ = {isa = PBXBuildFile; fileRef = 56AEAC64221EC63800ACED36 /* SubtitleLabel.swift */; };
		56AEACA1221F5DC500ACED36 /* UIImage+Helpers.swift in Sources */ = {isa = PBXBuildFile; fileRef = 56AEACA0221F5DC500ACED36 /* UIImage+Helpers.swift */; };
		56E167BA2222BDA600D40FD0 /* GKEntity+Helpers.swift in Sources */ = {isa = PBXBuildFile; fileRef = 56E167B92222BDA600D40FD0 /* GKEntity+Helpers.swift */; };
		56E167C12222C15B00D40FD0 /* GKEntity+HelpersTests.swift in Sources */ = {isa = PBXBuildFile; fileRef = 56E167C02222C15B00D40FD0 /* GKEntity+HelpersTests.swift */; };
		56E167C32222CC3800D40FD0 /* EntityManager.swift in Sources */ = {isa = PBXBuildFile; fileRef = 56E167C22222CC3800D40FD0 /* EntityManager.swift */; };
		56E167CA2222D80700D40FD0 /* Entity.m in Sources */ = {isa = PBXBuildFile; fileRef = 56E167C92222D80700D40FD0 /* Entity.m */; };
		56E98E60222C738D00E9113C /* ObservationNodeTests.swift in Sources */ = {isa = PBXBuildFile; fileRef = 56E98E5F222C738D00E9113C /* ObservationNodeTests.swift */; };
		900F135A219447AF001C2DC2 /* LevelManager.swift in Sources */ = {isa = PBXBuildFile; fileRef = 900F1359219447AF001C2DC2 /* LevelManager.swift */; };
		901584C82199BDF400450E0B /* LevelViewController.swift in Sources */ = {isa = PBXBuildFile; fileRef = 901584C72199BDF400450E0B /* LevelViewController.swift */; };
		901584CA2199BE0200450E0B /* ScanViewController.swift in Sources */ = {isa = PBXBuildFile; fileRef = 901584C92199BE0200450E0B /* ScanViewController.swift */; };
		901584CC2199C32100450E0B /* ARController.swift in Sources */ = {isa = PBXBuildFile; fileRef = 901584CB2199C32100450E0B /* ARController.swift */; };
		905A3C842179BE54005E3AA5 /* FrameDelegate.swift in Sources */ = {isa = PBXBuildFile; fileRef = 905A3C832179BE54005E3AA5 /* FrameDelegate.swift */; };
		905A3C882179BE74005E3AA5 /* PlaneDetectorDelegate.swift in Sources */ = {isa = PBXBuildFile; fileRef = 905A3C872179BE74005E3AA5 /* PlaneDetectorDelegate.swift */; };
		905A3C8C2179E522005E3AA5 /* PlayingField.swift in Sources */ = {isa = PBXBuildFile; fileRef = 905A3C8B2179E522005E3AA5 /* PlayingField.swift */; };
		905A3C92217A0891005E3AA5 /* LevelSelectViewController.swift in Sources */ = {isa = PBXBuildFile; fileRef = 905A3C91217A0891005E3AA5 /* LevelSelectViewController.swift */; };
		905A3C94217A09D0005E3AA5 /* LevelCollectionViewCell.swift in Sources */ = {isa = PBXBuildFile; fileRef = 905A3C93217A09D0005E3AA5 /* LevelCollectionViewCell.swift */; };
		90A55B0921A83B0700FD7CDD /* AudioController.swift in Sources */ = {isa = PBXBuildFile; fileRef = 90A55B0821A83B0700FD7CDD /* AudioController.swift */; };
		90A55B0E21A84DB000FD7CDD /* win.wav in Resources */ = {isa = PBXBuildFile; fileRef = 90A55B0B21A83E8D00FD7CDD /* win.wav */; };
		90CDABC221773E2700664640 /* Meshes.scnassets in Resources */ = {isa = PBXBuildFile; fileRef = 90CDABC121773E2700664640 /* Meshes.scnassets */; };
		90CDABC42177425200664640 /* AnimatableNode.swift in Sources */ = {isa = PBXBuildFile; fileRef = 90CDABC32177425200664640 /* AnimatableNode.swift */; };
		90D7538321AC0D2500B1F2E4 /* LevelDelegate.swift in Sources */ = {isa = PBXBuildFile; fileRef = 90D7538221AC0D2500B1F2E4 /* LevelDelegate.swift */; };
		90D7538621AC19CF00B1F2E4 /* LevelViewModel.swift in Sources */ = {isa = PBXBuildFile; fileRef = 90D7538521AC19CF00B1F2E4 /* LevelViewModel.swift */; };
		90D7538821AC259A00B1F2E4 /* pickup.wav in Resources */ = {isa = PBXBuildFile; fileRef = 90D7538721AC259A00B1F2E4 /* pickup.wav */; };
		90DF7330216F441E00F51E0C /* AppDelegate.swift in Sources */ = {isa = PBXBuildFile; fileRef = 90DF732F216F441E00F51E0C /* AppDelegate.swift */; };
		90DF7337216F441E00F51E0C /* Main.storyboard in Resources */ = {isa = PBXBuildFile; fileRef = 90DF7335216F441E00F51E0C /* Main.storyboard */; };
		90DF7339216F442000F51E0C /* Assets.xcassets in Resources */ = {isa = PBXBuildFile; fileRef = 90DF7338216F442000F51E0C /* Assets.xcassets */; };
		90DF733C216F442000F51E0C /* LaunchScreen.storyboard in Resources */ = {isa = PBXBuildFile; fileRef = 90DF733A216F442000F51E0C /* LaunchScreen.storyboard */; };
		B6ABE7E472B14FA62A77B354 /* Pods_AR_Programming.framework in Frameworks */ = {isa = PBXBuildFile; fileRef = AFCF4F02AC22AD5F7FC35F40 /* Pods_AR_Programming.framework */; };
		C725B2C321A85A7B00DD147A /* Model.xcdatamodeld in Sources */ = {isa = PBXBuildFile; fileRef = C725B2C121A85A7B00DD147A /* Model.xcdatamodeld */; };
		C7273114217714E900754543 /* Plane.swift in Sources */ = {isa = PBXBuildFile; fileRef = C7273113217714E900754543 /* Plane.swift */; };
		C74785E9219427A3000148BC /* CardCollectionViewCell.swift in Sources */ = {isa = PBXBuildFile; fileRef = C74785E8219427A3000148BC /* CardCollectionViewCell.swift */; };
		C74785EB219427F8000148BC /* CardLibraryViewController.swift in Sources */ = {isa = PBXBuildFile; fileRef = C74785EA219427F8000148BC /* CardLibraryViewController.swift */; };
		C74785ED219448F1000148BC /* CardDetailViewController.swift in Sources */ = {isa = PBXBuildFile; fileRef = C74785EC219448F1000148BC /* CardDetailViewController.swift */; };
		C76A214721AC1405008A07D9 /* LevelEntity+CoreDataClass.swift in Sources */ = {isa = PBXBuildFile; fileRef = C76A214521AC1405008A07D9 /* LevelEntity+CoreDataClass.swift */; };
		C76A214821AC1405008A07D9 /* LevelEntity+CoreDataProperties.swift in Sources */ = {isa = PBXBuildFile; fileRef = C76A214621AC1405008A07D9 /* LevelEntity+CoreDataProperties.swift */; };
/* End PBXBuildFile section */

/* Begin PBXContainerItemProxy section */
		90DF7343216F442100F51E0C /* PBXContainerItemProxy */ = {
			isa = PBXContainerItemProxy;
			containerPortal = 90DF7324216F441E00F51E0C /* Project object */;
			proxyType = 1;
			remoteGlobalIDString = 90DF732B216F441E00F51E0C;
			remoteInfo = "AR Programming";
		};
/* End PBXContainerItemProxy section */

/* Begin PBXFileReference section */
		204AEC11220DC9F500E0F624 /* HiddenTabBarViewController.swift */ = {isa = PBXFileReference; fileEncoding = 4; lastKnownFileType = sourcecode.swift; path = HiddenTabBarViewController.swift; sourceTree = "<group>"; };
		204AEC13220DCA1E00E0F624 /* ARContainerViewController.swift */ = {isa = PBXFileReference; fileEncoding = 4; lastKnownFileType = sourcecode.swift; path = ARContainerViewController.swift; sourceTree = "<group>"; };
		204BC647222D6DD000D34B07 /* Component.swift */ = {isa = PBXFileReference; lastKnownFileType = sourcecode.swift; path = Component.swift; sourceTree = "<group>"; };
		2CBF6D6B964CB7805473D1E8 /* Pods-AR Programming.debug.xcconfig */ = {isa = PBXFileReference; includeInIndex = 1; lastKnownFileType = text.xcconfig; name = "Pods-AR Programming.debug.xcconfig"; path = "Pods/Target Support Files/Pods-AR Programming/Pods-AR Programming.debug.xcconfig"; sourceTree = "<group>"; };
		3F68042C35BD5B2A4D85C7F9 /* Pods-AR Programming.release.xcconfig */ = {isa = PBXFileReference; includeInIndex = 1; lastKnownFileType = text.xcconfig; name = "Pods-AR Programming.release.xcconfig"; path = "Pods/Target Support Files/Pods-AR Programming/Pods-AR Programming.release.xcconfig"; sourceTree = "<group>"; };
		5621C839221AE5F800756628 /* SCNVector3+Helpers.swift */ = {isa = PBXFileReference; lastKnownFileType = sourcecode.swift; path = "SCNVector3+Helpers.swift"; sourceTree = "<group>"; };
		5621C83B221AE67A00756628 /* simd_float4x4+Helpers.swift */ = {isa = PBXFileReference; lastKnownFileType = sourcecode.swift; path = "simd_float4x4+Helpers.swift"; sourceTree = "<group>"; };
		5627ECAE220EEFA800DCC32E /* CardGraphDetector.swift */ = {isa = PBXFileReference; lastKnownFileType = sourcecode.swift; path = CardGraphDetector.swift; sourceTree = "<group>"; };
		5627ECB0220EF57700DCC32E /* CardNodeDetector.swift */ = {isa = PBXFileReference; lastKnownFileType = sourcecode.swift; path = CardNodeDetector.swift; sourceTree = "<group>"; };
		562CCA4A220D74AD00BF6A8D /* RotationCard.swift */ = {isa = PBXFileReference; fileEncoding = 4; lastKnownFileType = sourcecode.swift; path = RotationCard.swift; sourceTree = "<group>"; };
		562CCA4B220D74AD00BF6A8D /* RandomBranchCard.swift */ = {isa = PBXFileReference; fileEncoding = 4; lastKnownFileType = sourcecode.swift; path = RandomBranchCard.swift; sourceTree = "<group>"; };
		562CCA4C220D74AD00BF6A8D /* Card.swift */ = {isa = PBXFileReference; fileEncoding = 4; lastKnownFileType = sourcecode.swift; path = Card.swift; sourceTree = "<group>"; };
		562CCA4D220D74AD00BF6A8D /* StartCard.swift */ = {isa = PBXFileReference; fileEncoding = 4; lastKnownFileType = sourcecode.swift; path = StartCard.swift; sourceTree = "<group>"; };
		562CCA4E220D74AD00BF6A8D /* RightCard.swift */ = {isa = PBXFileReference; fileEncoding = 4; lastKnownFileType = sourcecode.swift; path = RightCard.swift; sourceTree = "<group>"; };
		562CCA4F220D74AD00BF6A8D /* LeftCard.swift */ = {isa = PBXFileReference; fileEncoding = 4; lastKnownFileType = sourcecode.swift; path = LeftCard.swift; sourceTree = "<group>"; };
		562CCA50220D74AD00BF6A8D /* MoveCard.swift */ = {isa = PBXFileReference; fileEncoding = 4; lastKnownFileType = sourcecode.swift; path = MoveCard.swift; sourceTree = "<group>"; };
		562CCA51220D74AD00BF6A8D /* JumpCard.swift */ = {isa = PBXFileReference; fileEncoding = 4; lastKnownFileType = sourcecode.swift; path = JumpCard.swift; sourceTree = "<group>"; };
		562CCA52220D74AD00BF6A8D /* StatementCard.swift */ = {isa = PBXFileReference; fileEncoding = 4; lastKnownFileType = sourcecode.swift; path = StatementCard.swift; sourceTree = "<group>"; };
		562CCA53220D74AD00BF6A8D /* CardNodeFactory.swift */ = {isa = PBXFileReference; fileEncoding = 4; lastKnownFileType = sourcecode.swift; path = CardNodeFactory.swift; sourceTree = "<group>"; };
		562CCA55220D74AD00BF6A8D /* CardSequenceError.swift */ = {isa = PBXFileReference; fileEncoding = 4; lastKnownFileType = sourcecode.swift; path = CardSequenceError.swift; sourceTree = "<group>"; };
		562CCA56220D74AD00BF6A8D /* Program.swift */ = {isa = PBXFileReference; fileEncoding = 4; lastKnownFileType = sourcecode.swift; path = Program.swift; sourceTree = "<group>"; };
		562CCA57220D74AD00BF6A8D /* CardNode.swift */ = {isa = PBXFileReference; fileEncoding = 4; lastKnownFileType = sourcecode.swift; path = CardNode.swift; sourceTree = "<group>"; };
		562CCA59220D74AD00BF6A8D /* ProgramEditor.swift */ = {isa = PBXFileReference; fileEncoding = 4; lastKnownFileType = sourcecode.swift; path = ProgramEditor.swift; sourceTree = "<group>"; };
		562CCA5A220D74AD00BF6A8D /* SuccessorCardNode.swift */ = {isa = PBXFileReference; fileEncoding = 4; lastKnownFileType = sourcecode.swift; path = SuccessorCardNode.swift; sourceTree = "<group>"; };
		562CCA5C220D74AF00BF6A8D /* ObservationEdge.swift */ = {isa = PBXFileReference; fileEncoding = 4; lastKnownFileType = sourcecode.swift; path = ObservationEdge.swift; sourceTree = "<group>"; };
		562CCA5F220D74AF00BF6A8D /* ObservationSet.swift */ = {isa = PBXFileReference; fileEncoding = 4; lastKnownFileType = sourcecode.swift; path = ObservationSet.swift; sourceTree = "<group>"; };
		562CCA60220D74AF00BF6A8D /* ObservationGraph.swift */ = {isa = PBXFileReference; fileEncoding = 4; lastKnownFileType = sourcecode.swift; path = ObservationGraph.swift; sourceTree = "<group>"; };
		562CCA61220D74AF00BF6A8D /* BarcodeDetector.swift */ = {isa = PBXFileReference; fileEncoding = 4; lastKnownFileType = sourcecode.swift; path = BarcodeDetector.swift; sourceTree = "<group>"; };
		562CCA62220D74AF00BF6A8D /* ObservationNode.swift */ = {isa = PBXFileReference; fileEncoding = 4; lastKnownFileType = sourcecode.swift; path = ObservationNode.swift; sourceTree = "<group>"; };
		562CCA7C220D74FF00BF6A8D /* Double+Helpers.swift */ = {isa = PBXFileReference; fileEncoding = 4; lastKnownFileType = sourcecode.swift; path = "Double+Helpers.swift"; sourceTree = "<group>"; };
		562CCA7D220D750100BF6A8D /* CGImagePropertyOrientation+Helpers.swift */ = {isa = PBXFileReference; fileEncoding = 4; lastKnownFileType = sourcecode.swift; path = "CGImagePropertyOrientation+Helpers.swift"; sourceTree = "<group>"; };
		562CCA99220D92B700BF6A8D /* CardNodeFactoryTests.swift */ = {isa = PBXFileReference; fileEncoding = 4; lastKnownFileType = sourcecode.swift; path = CardNodeFactoryTests.swift; sourceTree = "<group>"; };
		562CCA9A220D92B900BF6A8D /* CardTests.swift */ = {isa = PBXFileReference; fileEncoding = 4; lastKnownFileType = sourcecode.swift; path = CardTests.swift; sourceTree = "<group>"; };
		562CCA9B220D92BC00BF6A8D /* SuccessorCardNodeTests.swift */ = {isa = PBXFileReference; fileEncoding = 4; lastKnownFileType = sourcecode.swift; path = SuccessorCardNodeTests.swift; sourceTree = "<group>"; };
		562CCA9F220D92C700BF6A8D /* ObservationSetTests.swift */ = {isa = PBXFileReference; fileEncoding = 4; lastKnownFileType = sourcecode.swift; path = ObservationSetTests.swift; sourceTree = "<group>"; };
		562CCAA0220D92CA00BF6A8D /* ObservationGraphTests.swift */ = {isa = PBXFileReference; fileEncoding = 4; lastKnownFileType = sourcecode.swift; path = ObservationGraphTests.swift; sourceTree = "<group>"; };
		562CCAA1220D92CC00BF6A8D /* ObservationEdgeTests.swift */ = {isa = PBXFileReference; fileEncoding = 4; lastKnownFileType = sourcecode.swift; path = ObservationEdgeTests.swift; sourceTree = "<group>"; };
		562CCAAB220D933E00BF6A8D /* Double+HelpersTests.swift */ = {isa = PBXFileReference; fileEncoding = 4; lastKnownFileType = sourcecode.swift; path = "Double+HelpersTests.swift"; sourceTree = "<group>"; };
		562ECC972210707D008C580E /* ProgramEditorTests.swift */ = {isa = PBXFileReference; lastKnownFileType = sourcecode.swift; path = ProgramEditorTests.swift; sourceTree = "<group>"; };
		56413DFC220E2AC30064332E /* GameplayController.swift */ = {isa = PBXFileReference; lastKnownFileType = sourcecode.swift; path = GameplayController.swift; sourceTree = "<group>"; };
		56431D2822328C7700BFAC36 /* QuantityComponent.swift */ = {isa = PBXFileReference; lastKnownFileType = sourcecode.swift; path = QuantityComponent.swift; sourceTree = "<group>"; };
		56431D362232969A00BFAC36 /* Levels */ = {isa = PBXFileReference; lastKnownFileType = folder; path = Levels; sourceTree = "<group>"; };
		56431D382232A82700BFAC36 /* UpdateDelegate.swift */ = {isa = PBXFileReference; lastKnownFileType = sourcecode.swift; path = UpdateDelegate.swift; sourceTree = "<group>"; };
		56431D3A2232AA9A00BFAC36 /* Level.swift */ = {isa = PBXFileReference; lastKnownFileType = sourcecode.swift; path = Level.swift; sourceTree = "<group>"; };
		568AE7732223064D00A7348C /* EntityTests.swift */ = {isa = PBXFileReference; lastKnownFileType = sourcecode.swift; path = EntityTests.swift; sourceTree = "<group>"; };
		568AE77522233AC100A7348C /* EntityManagerTests.swift */ = {isa = PBXFileReference; lastKnownFileType = sourcecode.swift; path = EntityManagerTests.swift; sourceTree = "<group>"; };
		56A55AE32224728500A8CEE3 /* AddRemoveDelegateMock.swift */ = {isa = PBXFileReference; lastKnownFileType = sourcecode.swift; path = AddRemoveDelegateMock.swift; sourceTree = "<group>"; };
		56A62B0D22310727009D0E83 /* EntityModelLoader.swift */ = {isa = PBXFileReference; lastKnownFileType = sourcecode.swift; path = EntityModelLoader.swift; sourceTree = "<group>"; };
		56A62B0F223107F3009D0E83 /* ResourceComponent.swift */ = {isa = PBXFileReference; lastKnownFileType = sourcecode.swift; path = ResourceComponent.swift; sourceTree = "<group>"; };
		56A62B112231097E009D0E83 /* SCNNodeComponent.swift */ = {isa = PBXFileReference; lastKnownFileType = sourcecode.swift; path = SCNNodeComponent.swift; sourceTree = "<group>"; };
		56A62B1322310CEB009D0E83 /* TransformComponent.swift */ = {isa = PBXFileReference; lastKnownFileType = sourcecode.swift; path = TransformComponent.swift; sourceTree = "<group>"; };
		56A62B1522310DA2009D0E83 /* simd_double3+Helpers.swift */ = {isa = PBXFileReference; lastKnownFileType = sourcecode.swift; path = "simd_double3+Helpers.swift"; sourceTree = "<group>"; };
		56A62B1722310E8D009D0E83 /* simd_quatd+Helpers.swift */ = {isa = PBXFileReference; lastKnownFileType = sourcecode.swift; path = "simd_quatd+Helpers.swift"; sourceTree = "<group>"; };
		56A62B1922311501009D0E83 /* LevelFactory.swift */ = {isa = PBXFileReference; lastKnownFileType = sourcecode.swift; path = LevelFactory.swift; sourceTree = "<group>"; };
		56A62B1B223115B9009D0E83 /* QuantityLevel.swift */ = {isa = PBXFileReference; lastKnownFileType = sourcecode.swift; path = QuantityLevel.swift; sourceTree = "<group>"; };
		56AEAC62221EC4CF00ACED36 /* SubtitleLabel.xib */ = {isa = PBXFileReference; lastKnownFileType = file.xib; path = SubtitleLabel.xib; sourceTree = "<group>"; };
		56AEAC64221EC63800ACED36 /* SubtitleLabel.swift */ = {isa = PBXFileReference; lastKnownFileType = sourcecode.swift; path = SubtitleLabel.swift; sourceTree = "<group>"; };
		56AEACA0221F5DC500ACED36 /* UIImage+Helpers.swift */ = {isa = PBXFileReference; lastKnownFileType = sourcecode.swift; path = "UIImage+Helpers.swift"; sourceTree = "<group>"; };
		56E167B92222BDA600D40FD0 /* GKEntity+Helpers.swift */ = {isa = PBXFileReference; lastKnownFileType = sourcecode.swift; path = "GKEntity+Helpers.swift"; sourceTree = "<group>"; };
		56E167C02222C15B00D40FD0 /* GKEntity+HelpersTests.swift */ = {isa = PBXFileReference; lastKnownFileType = sourcecode.swift; path = "GKEntity+HelpersTests.swift"; sourceTree = "<group>"; };
		56E167C22222CC3800D40FD0 /* EntityManager.swift */ = {isa = PBXFileReference; lastKnownFileType = sourcecode.swift; path = EntityManager.swift; sourceTree = "<group>"; };
		56E167C82222D80700D40FD0 /* AR Programming-Bridging-Header.h */ = {isa = PBXFileReference; lastKnownFileType = sourcecode.c.h; path = "AR Programming-Bridging-Header.h"; sourceTree = "<group>"; };
		56E167C92222D80700D40FD0 /* Entity.m */ = {isa = PBXFileReference; lastKnownFileType = sourcecode.c.objc; path = Entity.m; sourceTree = "<group>"; };
		56E167CB2222D8BA00D40FD0 /* Entity.h */ = {isa = PBXFileReference; lastKnownFileType = sourcecode.c.h; path = Entity.h; sourceTree = "<group>"; };
		56E98E5F222C738D00E9113C /* ObservationNodeTests.swift */ = {isa = PBXFileReference; lastKnownFileType = sourcecode.swift; path = ObservationNodeTests.swift; sourceTree = "<group>"; };
		81B3ED8214579B6F33DA8F08 /* Pods_AR_ProgrammingTests.framework */ = {isa = PBXFileReference; explicitFileType = wrapper.framework; includeInIndex = 0; path = Pods_AR_ProgrammingTests.framework; sourceTree = BUILT_PRODUCTS_DIR; };
		900F1359219447AF001C2DC2 /* LevelManager.swift */ = {isa = PBXFileReference; lastKnownFileType = sourcecode.swift; path = LevelManager.swift; sourceTree = "<group>"; };
		901584C72199BDF400450E0B /* LevelViewController.swift */ = {isa = PBXFileReference; lastKnownFileType = sourcecode.swift; path = LevelViewController.swift; sourceTree = "<group>"; };
		901584C92199BE0200450E0B /* ScanViewController.swift */ = {isa = PBXFileReference; lastKnownFileType = sourcecode.swift; path = ScanViewController.swift; sourceTree = "<group>"; };
		901584CB2199C32100450E0B /* ARController.swift */ = {isa = PBXFileReference; lastKnownFileType = sourcecode.swift; path = ARController.swift; sourceTree = "<group>"; };
		905A3C832179BE54005E3AA5 /* FrameDelegate.swift */ = {isa = PBXFileReference; lastKnownFileType = sourcecode.swift; path = FrameDelegate.swift; sourceTree = "<group>"; };
		905A3C872179BE74005E3AA5 /* PlaneDetectorDelegate.swift */ = {isa = PBXFileReference; lastKnownFileType = sourcecode.swift; path = PlaneDetectorDelegate.swift; sourceTree = "<group>"; };
		905A3C8B2179E522005E3AA5 /* PlayingField.swift */ = {isa = PBXFileReference; lastKnownFileType = sourcecode.swift; path = PlayingField.swift; sourceTree = "<group>"; };
		905A3C91217A0891005E3AA5 /* LevelSelectViewController.swift */ = {isa = PBXFileReference; lastKnownFileType = sourcecode.swift; path = LevelSelectViewController.swift; sourceTree = "<group>"; };
		905A3C93217A09D0005E3AA5 /* LevelCollectionViewCell.swift */ = {isa = PBXFileReference; lastKnownFileType = sourcecode.swift; path = LevelCollectionViewCell.swift; sourceTree = "<group>"; };
		90A55B0621A834FD00FD7CDD /* Pods_AR_ProgrammingTests.framework */ = {isa = PBXFileReference; explicitFileType = wrapper.framework; path = Pods_AR_ProgrammingTests.framework; sourceTree = BUILT_PRODUCTS_DIR; };
		90A55B0821A83B0700FD7CDD /* AudioController.swift */ = {isa = PBXFileReference; lastKnownFileType = sourcecode.swift; path = AudioController.swift; sourceTree = "<group>"; };
		90A55B0B21A83E8D00FD7CDD /* win.wav */ = {isa = PBXFileReference; lastKnownFileType = audio.wav; path = win.wav; sourceTree = "<group>"; };
		90CDABC121773E2700664640 /* Meshes.scnassets */ = {isa = PBXFileReference; lastKnownFileType = wrapper.scnassets; path = Meshes.scnassets; sourceTree = "<group>"; };
		90CDABC32177425200664640 /* AnimatableNode.swift */ = {isa = PBXFileReference; lastKnownFileType = sourcecode.swift; path = AnimatableNode.swift; sourceTree = "<group>"; };
		90D7538221AC0D2500B1F2E4 /* LevelDelegate.swift */ = {isa = PBXFileReference; lastKnownFileType = sourcecode.swift; path = LevelDelegate.swift; sourceTree = "<group>"; };
		90D7538521AC19CF00B1F2E4 /* LevelViewModel.swift */ = {isa = PBXFileReference; lastKnownFileType = sourcecode.swift; path = LevelViewModel.swift; sourceTree = "<group>"; };
		90D7538721AC259A00B1F2E4 /* pickup.wav */ = {isa = PBXFileReference; lastKnownFileType = audio.wav; path = pickup.wav; sourceTree = "<group>"; };
		90DF732C216F441E00F51E0C /* AR Programming.app */ = {isa = PBXFileReference; explicitFileType = wrapper.application; includeInIndex = 0; path = "AR Programming.app"; sourceTree = BUILT_PRODUCTS_DIR; };
		90DF732F216F441E00F51E0C /* AppDelegate.swift */ = {isa = PBXFileReference; lastKnownFileType = sourcecode.swift; path = AppDelegate.swift; sourceTree = "<group>"; };
		90DF7336216F441E00F51E0C /* Base */ = {isa = PBXFileReference; lastKnownFileType = file.storyboard; name = Base; path = Base.lproj/Main.storyboard; sourceTree = "<group>"; };
		90DF7338216F442000F51E0C /* Assets.xcassets */ = {isa = PBXFileReference; lastKnownFileType = folder.assetcatalog; path = Assets.xcassets; sourceTree = "<group>"; };
		90DF733B216F442000F51E0C /* Base */ = {isa = PBXFileReference; lastKnownFileType = file.storyboard; name = Base; path = Base.lproj/LaunchScreen.storyboard; sourceTree = "<group>"; };
		90DF733D216F442000F51E0C /* Info.plist */ = {isa = PBXFileReference; lastKnownFileType = text.plist.xml; path = Info.plist; sourceTree = "<group>"; };
		90DF7342216F442100F51E0C /* AR ProgrammingTests.xctest */ = {isa = PBXFileReference; explicitFileType = wrapper.cfbundle; includeInIndex = 0; path = "AR ProgrammingTests.xctest"; sourceTree = BUILT_PRODUCTS_DIR; };
		90DF7348216F442100F51E0C /* Info.plist */ = {isa = PBXFileReference; lastKnownFileType = text.plist.xml; path = Info.plist; sourceTree = "<group>"; };
		9E22EC9C0309734A8EC82229 /* Pods-AR ProgrammingTests.debug.xcconfig */ = {isa = PBXFileReference; includeInIndex = 1; lastKnownFileType = text.xcconfig; name = "Pods-AR ProgrammingTests.debug.xcconfig"; path = "Pods/Target Support Files/Pods-AR ProgrammingTests/Pods-AR ProgrammingTests.debug.xcconfig"; sourceTree = "<group>"; };
		AFCF4F02AC22AD5F7FC35F40 /* Pods_AR_Programming.framework */ = {isa = PBXFileReference; explicitFileType = wrapper.framework; includeInIndex = 0; path = Pods_AR_Programming.framework; sourceTree = BUILT_PRODUCTS_DIR; };
		C572DB0C2C2E8C51CB97FFDF /* Pods-AR ProgrammingTests.release.xcconfig */ = {isa = PBXFileReference; includeInIndex = 1; lastKnownFileType = text.xcconfig; name = "Pods-AR ProgrammingTests.release.xcconfig"; path = "Pods/Target Support Files/Pods-AR ProgrammingTests/Pods-AR ProgrammingTests.release.xcconfig"; sourceTree = "<group>"; };
		C725B2C221A85A7B00DD147A /* Model.xcdatamodel */ = {isa = PBXFileReference; lastKnownFileType = wrapper.xcdatamodel; path = Model.xcdatamodel; sourceTree = "<group>"; };
		C7273113217714E900754543 /* Plane.swift */ = {isa = PBXFileReference; lastKnownFileType = sourcecode.swift; path = Plane.swift; sourceTree = "<group>"; };
		C74785E8219427A3000148BC /* CardCollectionViewCell.swift */ = {isa = PBXFileReference; lastKnownFileType = sourcecode.swift; path = CardCollectionViewCell.swift; sourceTree = "<group>"; };
		C74785EA219427F8000148BC /* CardLibraryViewController.swift */ = {isa = PBXFileReference; lastKnownFileType = sourcecode.swift; path = CardLibraryViewController.swift; sourceTree = "<group>"; };
		C74785EC219448F1000148BC /* CardDetailViewController.swift */ = {isa = PBXFileReference; lastKnownFileType = sourcecode.swift; path = CardDetailViewController.swift; sourceTree = "<group>"; };
		C76A214521AC1405008A07D9 /* LevelEntity+CoreDataClass.swift */ = {isa = PBXFileReference; lastKnownFileType = sourcecode.swift; path = "LevelEntity+CoreDataClass.swift"; sourceTree = "<group>"; };
		C76A214621AC1405008A07D9 /* LevelEntity+CoreDataProperties.swift */ = {isa = PBXFileReference; lastKnownFileType = sourcecode.swift; path = "LevelEntity+CoreDataProperties.swift"; sourceTree = "<group>"; };
/* End PBXFileReference section */

/* Begin PBXFrameworksBuildPhase section */
		90DF7329216F441E00F51E0C /* Frameworks */ = {
			isa = PBXFrameworksBuildPhase;
			buildActionMask = 2147483647;
			files = (
				B6ABE7E472B14FA62A77B354 /* Pods_AR_Programming.framework in Frameworks */,
			);
			runOnlyForDeploymentPostprocessing = 0;
		};
		90DF733F216F442100F51E0C /* Frameworks */ = {
			isa = PBXFrameworksBuildPhase;
			buildActionMask = 2147483647;
			files = (
				04AEDFB63981EDEF7B9C4BEA /* Pods_AR_ProgrammingTests.framework in Frameworks */,
			);
			runOnlyForDeploymentPostprocessing = 0;
		};
/* End PBXFrameworksBuildPhase section */

/* Begin PBXGroup section */
		303DB45C8FD81C058632CA1B /* Frameworks */ = {
			isa = PBXGroup;
			children = (
				90A55B0621A834FD00FD7CDD /* Pods_AR_ProgrammingTests.framework */,
				AFCF4F02AC22AD5F7FC35F40 /* Pods_AR_Programming.framework */,
				81B3ED8214579B6F33DA8F08 /* Pods_AR_ProgrammingTests.framework */,
			);
			name = Frameworks;
			sourceTree = "<group>";
		};
		562CCA48220D74AD00BF6A8D /* Program */ = {
			isa = PBXGroup;
			children = (
				562CCA49220D74AD00BF6A8D /* Cards */,
				562CCA53220D74AD00BF6A8D /* CardNodeFactory.swift */,
				562CCA55220D74AD00BF6A8D /* CardSequenceError.swift */,
				562CCA56220D74AD00BF6A8D /* Program.swift */,
				562CCA57220D74AD00BF6A8D /* CardNode.swift */,
				562CCA59220D74AD00BF6A8D /* ProgramEditor.swift */,
				562CCA5A220D74AD00BF6A8D /* SuccessorCardNode.swift */,
			);
			path = Program;
			sourceTree = "<group>";
		};
		562CCA49220D74AD00BF6A8D /* Cards */ = {
			isa = PBXGroup;
			children = (
				562CCA4A220D74AD00BF6A8D /* RotationCard.swift */,
				562CCA4B220D74AD00BF6A8D /* RandomBranchCard.swift */,
				562CCA4C220D74AD00BF6A8D /* Card.swift */,
				562CCA4D220D74AD00BF6A8D /* StartCard.swift */,
				562CCA4E220D74AD00BF6A8D /* RightCard.swift */,
				562CCA4F220D74AD00BF6A8D /* LeftCard.swift */,
				562CCA50220D74AD00BF6A8D /* MoveCard.swift */,
				562CCA51220D74AD00BF6A8D /* JumpCard.swift */,
				562CCA52220D74AD00BF6A8D /* StatementCard.swift */,
			);
			path = Cards;
			sourceTree = "<group>";
		};
		562CCA5B220D74AF00BF6A8D /* ImageAnalysis */ = {
			isa = PBXGroup;
			children = (
				562CCA62220D74AF00BF6A8D /* ObservationNode.swift */,
				562CCA5F220D74AF00BF6A8D /* ObservationSet.swift */,
				562CCA5C220D74AF00BF6A8D /* ObservationEdge.swift */,
				562CCA60220D74AF00BF6A8D /* ObservationGraph.swift */,
				562CCA61220D74AF00BF6A8D /* BarcodeDetector.swift */,
				5627ECAE220EEFA800DCC32E /* CardGraphDetector.swift */,
				5627ECB0220EF57700DCC32E /* CardNodeDetector.swift */,
			);
			path = ImageAnalysis;
			sourceTree = "<group>";
		};
		562CCA7B220D74F200BF6A8D /* Utilities */ = {
			isa = PBXGroup;
			children = (
				562CCA7D220D750100BF6A8D /* CGImagePropertyOrientation+Helpers.swift */,
				562CCA7C220D74FF00BF6A8D /* Double+Helpers.swift */,
				5621C839221AE5F800756628 /* SCNVector3+Helpers.swift */,
				5621C83B221AE67A00756628 /* simd_float4x4+Helpers.swift */,
				56A62B1522310DA2009D0E83 /* simd_double3+Helpers.swift */,
				56A62B1722310E8D009D0E83 /* simd_quatd+Helpers.swift */,
				56AEACA0221F5DC500ACED36 /* UIImage+Helpers.swift */,
			);
			path = Utilities;
			sourceTree = "<group>";
		};
		562CCA80220D752B00BF6A8D /* Model */ = {
			isa = PBXGroup;
			children = (
				56E167BB2222C0D600D40FD0 /* Entity */,
				562CCA82220D754800BF6A8D /* Program */,
				562CCA81220D753500BF6A8D /* ImageAnalysis */,
			);
			path = Model;
			sourceTree = "<group>";
		};
		562CCA81220D753500BF6A8D /* ImageAnalysis */ = {
			isa = PBXGroup;
			children = (
				562CCAA1220D92CC00BF6A8D /* ObservationEdgeTests.swift */,
				562CCAA0220D92CA00BF6A8D /* ObservationGraphTests.swift */,
				562CCA9F220D92C700BF6A8D /* ObservationSetTests.swift */,
				56E98E5F222C738D00E9113C /* ObservationNodeTests.swift */,
			);
			path = ImageAnalysis;
			sourceTree = "<group>";
		};
		562CCA82220D754800BF6A8D /* Program */ = {
			isa = PBXGroup;
			children = (
				562ECC962210704F008C580E /* Cards */,
				562CCA99220D92B700BF6A8D /* CardNodeFactoryTests.swift */,
				562ECC972210707D008C580E /* ProgramEditorTests.swift */,
				562CCA9B220D92BC00BF6A8D /* SuccessorCardNodeTests.swift */,
			);
			path = Program;
			sourceTree = "<group>";
		};
		562CCAAA220D933300BF6A8D /* Utilities */ = {
			isa = PBXGroup;
			children = (
				562CCAAB220D933E00BF6A8D /* Double+HelpersTests.swift */,
			);
			path = Utilities;
			sourceTree = "<group>";
		};
		562ECC962210704F008C580E /* Cards */ = {
			isa = PBXGroup;
			children = (
				562CCA9A220D92B900BF6A8D /* CardTests.swift */,
			);
			path = Cards;
			sourceTree = "<group>";
		};
		56AEAC5F221EC3C200ACED36 /* View */ = {
			isa = PBXGroup;
			children = (
				56AEAC62221EC4CF00ACED36 /* SubtitleLabel.xib */,
				56AEAC64221EC63800ACED36 /* SubtitleLabel.swift */,
			);
			path = View;
			sourceTree = "<group>";
		};
		56E167B82222BD8700D40FD0 /* Entity */ = {
			isa = PBXGroup;
			children = (
				56E167B92222BDA600D40FD0 /* GKEntity+Helpers.swift */,
				56E167C22222CC3800D40FD0 /* EntityManager.swift */,
				56E167CB2222D8BA00D40FD0 /* Entity.h */,
				56E167C92222D80700D40FD0 /* Entity.m */,
				204BC647222D6DD000D34B07 /* Component.swift */,
				56E167C82222D80700D40FD0 /* AR Programming-Bridging-Header.h */,
				56A62B0F223107F3009D0E83 /* ResourceComponent.swift */,
				56A62B1322310CEB009D0E83 /* TransformComponent.swift */,
				56431D2822328C7700BFAC36 /* QuantityComponent.swift */,
			);
			path = Entity;
			sourceTree = "<group>";
		};
		56E167BB2222C0D600D40FD0 /* Entity */ = {
			isa = PBXGroup;
			children = (
				56E167C02222C15B00D40FD0 /* GKEntity+HelpersTests.swift */,
				568AE7732223064D00A7348C /* EntityTests.swift */,
				568AE77522233AC100A7348C /* EntityManagerTests.swift */,
				56A55AE32224728500A8CEE3 /* AddRemoveDelegateMock.swift */,
			);
			path = Entity;
			sourceTree = "<group>";
		};
		69FAFFD76540FD6CC944F023 /* Pods */ = {
			isa = PBXGroup;
			children = (
				2CBF6D6B964CB7805473D1E8 /* Pods-AR Programming.debug.xcconfig */,
				3F68042C35BD5B2A4D85C7F9 /* Pods-AR Programming.release.xcconfig */,
				9E22EC9C0309734A8EC82229 /* Pods-AR ProgrammingTests.debug.xcconfig */,
				C572DB0C2C2E8C51CB97FFDF /* Pods-AR ProgrammingTests.release.xcconfig */,
			);
			name = Pods;
			sourceTree = "<group>";
		};
		6CD69940218F392500A9E755 /* Level */ = {
			isa = PBXGroup;
			children = (
				56431D3A2232AA9A00BFAC36 /* Level.swift */,
				900F1359219447AF001C2DC2 /* LevelManager.swift */,
				90D7538221AC0D2500B1F2E4 /* LevelDelegate.swift */,
				56A62B1922311501009D0E83 /* LevelFactory.swift */,
				56A62B1B223115B9009D0E83 /* QuantityLevel.swift */,
			);
			path = Level;
			sourceTree = "<group>";
		};
		905736992175D19000F231E1 /* Model */ = {
			isa = PBXGroup;
			children = (
				56E167B82222BD8700D40FD0 /* Entity */,
				562CCA5B220D74AF00BF6A8D /* ImageAnalysis */,
				562CCA48220D74AD00BF6A8D /* Program */,
				6CD69940218F392500A9E755 /* Level */,
				C7273113217714E900754543 /* Plane.swift */,
				90CDABC32177425200664640 /* AnimatableNode.swift */,
				905A3C8B2179E522005E3AA5 /* PlayingField.swift */,
			);
			path = Model;
			sourceTree = "<group>";
		};
		9057369E2175D42900F231E1 /* Controller */ = {
			isa = PBXGroup;
			children = (
				905A3C782179BDC3005E3AA5 /* Card */,
				204AEC11220DC9F500E0F624 /* HiddenTabBarViewController.swift */,
				204AEC13220DCA1E00E0F624 /* ARContainerViewController.swift */,
				905A3C91217A0891005E3AA5 /* LevelSelectViewController.swift */,
				905A3C93217A09D0005E3AA5 /* LevelCollectionViewCell.swift */,
				901584C72199BDF400450E0B /* LevelViewController.swift */,
				901584C92199BE0200450E0B /* ScanViewController.swift */,
				C74785E8219427A3000148BC /* CardCollectionViewCell.swift */,
				C74785EA219427F8000148BC /* CardLibraryViewController.swift */,
				C74785EC219448F1000148BC /* CardDetailViewController.swift */,
				90A55B0821A83B0700FD7CDD /* AudioController.swift */,
				56413DFC220E2AC30064332E /* GameplayController.swift */,
			);
			path = Controller;
			sourceTree = "<group>";
		};
		905A3C782179BDC3005E3AA5 /* Card */ = {
			isa = PBXGroup;
			children = (
				905A3C832179BE54005E3AA5 /* FrameDelegate.swift */,
				56431D382232A82700BFAC36 /* UpdateDelegate.swift */,
				905A3C872179BE74005E3AA5 /* PlaneDetectorDelegate.swift */,
				901584CB2199C32100450E0B /* ARController.swift */,
			);
			path = Card;
			sourceTree = "<group>";
		};
		90A55B0D21A84C1A00FD7CDD /* Resources */ = {
			isa = PBXGroup;
			children = (
				90D7538721AC259A00B1F2E4 /* pickup.wav */,
				90A55B0B21A83E8D00FD7CDD /* win.wav */,
			);
			path = Resources;
			sourceTree = "<group>";
		};
		90D7538421AC18D900B1F2E4 /* ViewModel */ = {
			isa = PBXGroup;
			children = (
				90D7538521AC19CF00B1F2E4 /* LevelViewModel.swift */,
				56A62B0D22310727009D0E83 /* EntityModelLoader.swift */,
				56A62B112231097E009D0E83 /* SCNNodeComponent.swift */,
			);
			path = ViewModel;
			sourceTree = "<group>";
		};
		90DF7323216F441E00F51E0C = {
			isa = PBXGroup;
			children = (
				90DF732E216F441E00F51E0C /* AR Programming */,
				90DF7345216F442100F51E0C /* AR ProgrammingTests */,
				90DF732D216F441E00F51E0C /* Products */,
				69FAFFD76540FD6CC944F023 /* Pods */,
				303DB45C8FD81C058632CA1B /* Frameworks */,
			);
			sourceTree = "<group>";
		};
		90DF732D216F441E00F51E0C /* Products */ = {
			isa = PBXGroup;
			children = (
				90DF732C216F441E00F51E0C /* AR Programming.app */,
				90DF7342216F442100F51E0C /* AR ProgrammingTests.xctest */,
			);
			name = Products;
			sourceTree = "<group>";
		};
		90DF732E216F441E00F51E0C /* AR Programming */ = {
			isa = PBXGroup;
			children = (
				56AEAC5F221EC3C200ACED36 /* View */,
				562CCA7B220D74F200BF6A8D /* Utilities */,
				C725B2C021A85A6D00DD147A /* Persistence */,
				90D7538421AC18D900B1F2E4 /* ViewModel */,
				90A55B0D21A84C1A00FD7CDD /* Resources */,
				9057369E2175D42900F231E1 /* Controller */,
				905736992175D19000F231E1 /* Model */,
				90DF732F216F441E00F51E0C /* AppDelegate.swift */,
				90DF7335216F441E00F51E0C /* Main.storyboard */,
				90DF733A216F442000F51E0C /* LaunchScreen.storyboard */,
				90DF7338216F442000F51E0C /* Assets.xcassets */,
				90CDABC121773E2700664640 /* Meshes.scnassets */,
				56431D362232969A00BFAC36 /* Levels */,
				90DF733D216F442000F51E0C /* Info.plist */,
			);
			path = "AR Programming";
			sourceTree = "<group>";
		};
		90DF7345216F442100F51E0C /* AR ProgrammingTests */ = {
			isa = PBXGroup;
			children = (
				562CCAAA220D933300BF6A8D /* Utilities */,
				562CCA80220D752B00BF6A8D /* Model */,
				90DF7348216F442100F51E0C /* Info.plist */,
			);
			path = "AR ProgrammingTests";
			sourceTree = "<group>";
		};
		C725B2C021A85A6D00DD147A /* Persistence */ = {
			isa = PBXGroup;
			children = (
				C76A214521AC1405008A07D9 /* LevelEntity+CoreDataClass.swift */,
				C76A214621AC1405008A07D9 /* LevelEntity+CoreDataProperties.swift */,
				C725B2C121A85A7B00DD147A /* Model.xcdatamodeld */,
			);
			path = Persistence;
			sourceTree = "<group>";
		};
/* End PBXGroup section */

/* Begin PBXNativeTarget section */
		90DF732B216F441E00F51E0C /* AR Programming */ = {
			isa = PBXNativeTarget;
			buildConfigurationList = 90DF734B216F442100F51E0C /* Build configuration list for PBXNativeTarget "AR Programming" */;
			buildPhases = (
				829AEF312AE8DB531A77A31C /* [CP] Check Pods Manifest.lock */,
				90DF7328216F441E00F51E0C /* Sources */,
				90DF7329216F441E00F51E0C /* Frameworks */,
				90DF732A216F441E00F51E0C /* Resources */,
			);
			buildRules = (
			);
			dependencies = (
			);
			name = "AR Programming";
			productName = "AR Programming";
			productReference = 90DF732C216F441E00F51E0C /* AR Programming.app */;
			productType = "com.apple.product-type.application";
		};
		90DF7341216F442100F51E0C /* AR ProgrammingTests */ = {
			isa = PBXNativeTarget;
			buildConfigurationList = 90DF734E216F442100F51E0C /* Build configuration list for PBXNativeTarget "AR ProgrammingTests" */;
			buildPhases = (
				E04374BEB6B8CAA0B9A9FF67 /* [CP] Check Pods Manifest.lock */,
				90DF733E216F442100F51E0C /* Sources */,
				90DF733F216F442100F51E0C /* Frameworks */,
				90DF7340216F442100F51E0C /* Resources */,
			);
			buildRules = (
			);
			dependencies = (
				90DF7344216F442100F51E0C /* PBXTargetDependency */,
			);
			name = "AR ProgrammingTests";
			productName = "AR ProgrammingTests";
			productReference = 90DF7342216F442100F51E0C /* AR ProgrammingTests.xctest */;
			productType = "com.apple.product-type.bundle.unit-test";
		};
/* End PBXNativeTarget section */

/* Begin PBXProject section */
		90DF7324216F441E00F51E0C /* Project object */ = {
			isa = PBXProject;
			attributes = {
				LastSwiftUpdateCheck = 1000;
				LastUpgradeCheck = 1010;
				ORGANIZATIONNAME = "Kasper Schultz Davidsen";
				TargetAttributes = {
					90DF732B216F441E00F51E0C = {
						CreatedOnToolsVersion = 10.0;
						LastSwiftMigration = 1010;
					};
					90DF7341216F442100F51E0C = {
						CreatedOnToolsVersion = 10.0;
						LastSwiftMigration = 1010;
						TestTargetID = 90DF732B216F441E00F51E0C;
					};
				};
			};
			buildConfigurationList = 90DF7327216F441E00F51E0C /* Build configuration list for PBXProject "AR Programming" */;
			compatibilityVersion = "Xcode 9.3";
			developmentRegion = en;
			hasScannedForEncodings = 0;
			knownRegions = (
				en,
				Base,
			);
			mainGroup = 90DF7323216F441E00F51E0C;
			productRefGroup = 90DF732D216F441E00F51E0C /* Products */;
			projectDirPath = "";
			projectRoot = "";
			targets = (
				90DF732B216F441E00F51E0C /* AR Programming */,
				90DF7341216F442100F51E0C /* AR ProgrammingTests */,
			);
		};
/* End PBXProject section */

/* Begin PBXResourcesBuildPhase section */
		90DF732A216F441E00F51E0C /* Resources */ = {
			isa = PBXResourcesBuildPhase;
			buildActionMask = 2147483647;
			files = (
				90DF733C216F442000F51E0C /* LaunchScreen.storyboard in Resources */,
				90DF7339216F442000F51E0C /* Assets.xcassets in Resources */,
				90CDABC221773E2700664640 /* Meshes.scnassets in Resources */,
				56431D372232969A00BFAC36 /* Levels in Resources */,
				56AEAC63221EC4CF00ACED36 /* SubtitleLabel.xib in Resources */,
				90A55B0E21A84DB000FD7CDD /* win.wav in Resources */,
				90D7538821AC259A00B1F2E4 /* pickup.wav in Resources */,
				90DF7337216F441E00F51E0C /* Main.storyboard in Resources */,
			);
			runOnlyForDeploymentPostprocessing = 0;
		};
		90DF7340216F442100F51E0C /* Resources */ = {
			isa = PBXResourcesBuildPhase;
			buildActionMask = 2147483647;
			files = (
			);
			runOnlyForDeploymentPostprocessing = 0;
		};
/* End PBXResourcesBuildPhase section */

/* Begin PBXShellScriptBuildPhase section */
		829AEF312AE8DB531A77A31C /* [CP] Check Pods Manifest.lock */ = {
			isa = PBXShellScriptBuildPhase;
			buildActionMask = 2147483647;
			files = (
			);
			inputFileListPaths = (
			);
			inputPaths = (
				"${PODS_PODFILE_DIR_PATH}/Podfile.lock",
				"${PODS_ROOT}/Manifest.lock",
			);
			name = "[CP] Check Pods Manifest.lock";
			outputFileListPaths = (
			);
			outputPaths = (
				"$(DERIVED_FILE_DIR)/Pods-AR Programming-checkManifestLockResult.txt",
			);
			runOnlyForDeploymentPostprocessing = 0;
			shellPath = /bin/sh;
			shellScript = "diff \"${PODS_PODFILE_DIR_PATH}/Podfile.lock\" \"${PODS_ROOT}/Manifest.lock\" > /dev/null\nif [ $? != 0 ] ; then\n    # print error to STDERR\n    echo \"error: The sandbox is not in sync with the Podfile.lock. Run 'pod install' or update your CocoaPods installation.\" >&2\n    exit 1\nfi\n# This output is used by Xcode 'outputs' to avoid re-running this script phase.\necho \"SUCCESS\" > \"${SCRIPT_OUTPUT_FILE_0}\"\n";
			showEnvVarsInLog = 0;
		};
		E04374BEB6B8CAA0B9A9FF67 /* [CP] Check Pods Manifest.lock */ = {
			isa = PBXShellScriptBuildPhase;
			buildActionMask = 2147483647;
			files = (
			);
			inputFileListPaths = (
			);
			inputPaths = (
				"${PODS_PODFILE_DIR_PATH}/Podfile.lock",
				"${PODS_ROOT}/Manifest.lock",
			);
			name = "[CP] Check Pods Manifest.lock";
			outputFileListPaths = (
			);
			outputPaths = (
				"$(DERIVED_FILE_DIR)/Pods-AR ProgrammingTests-checkManifestLockResult.txt",
			);
			runOnlyForDeploymentPostprocessing = 0;
			shellPath = /bin/sh;
			shellScript = "diff \"${PODS_PODFILE_DIR_PATH}/Podfile.lock\" \"${PODS_ROOT}/Manifest.lock\" > /dev/null\nif [ $? != 0 ] ; then\n    # print error to STDERR\n    echo \"error: The sandbox is not in sync with the Podfile.lock. Run 'pod install' or update your CocoaPods installation.\" >&2\n    exit 1\nfi\n# This output is used by Xcode 'outputs' to avoid re-running this script phase.\necho \"SUCCESS\" > \"${SCRIPT_OUTPUT_FILE_0}\"\n";
			showEnvVarsInLog = 0;
		};
/* End PBXShellScriptBuildPhase section */

/* Begin PBXSourcesBuildPhase section */
		90DF7328216F441E00F51E0C /* Sources */ = {
			isa = PBXSourcesBuildPhase;
			buildActionMask = 2147483647;
			files = (
				56E167CA2222D80700D40FD0 /* Entity.m in Sources */,
				204BC648222D6DD000D34B07 /* Component.swift in Sources */,
				56A62B122231097E009D0E83 /* SCNNodeComponent.swift in Sources */,
				56E167C32222CC3800D40FD0 /* EntityManager.swift in Sources */,
				5627ECAF220EEFA800DCC32E /* CardGraphDetector.swift in Sources */,
				562CCA6F220D74AF00BF6A8D /* Program.swift in Sources */,
				562CCA7A220D74AF00BF6A8D /* ObservationNode.swift in Sources */,
				5621C83A221AE5F800756628 /* SCNVector3+Helpers.swift in Sources */,
				56A62B1422310CEB009D0E83 /* TransformComponent.swift in Sources */,
				C76A214721AC1405008A07D9 /* LevelEntity+CoreDataClass.swift in Sources */,
				562CCA6B220D74AF00BF6A8D /* StatementCard.swift in Sources */,
				56431D3B2232AA9A00BFAC36 /* Level.swift in Sources */,
				56A62B10223107F3009D0E83 /* ResourceComponent.swift in Sources */,
				56A62B1622310DA2009D0E83 /* simd_double3+Helpers.swift in Sources */,
				562CCA67220D74AF00BF6A8D /* RightCard.swift in Sources */,
				901584C82199BDF400450E0B /* LevelViewController.swift in Sources */,
				90D7538621AC19CF00B1F2E4 /* LevelViewModel.swift in Sources */,
				56AEAC65221EC63800ACED36 /* SubtitleLabel.swift in Sources */,
				562CCA77220D74AF00BF6A8D /* ObservationSet.swift in Sources */,
				901584CC2199C32100450E0B /* ARController.swift in Sources */,
				562CCA66220D74AF00BF6A8D /* StartCard.swift in Sources */,
				905A3C842179BE54005E3AA5 /* FrameDelegate.swift in Sources */,
				901584CA2199BE0200450E0B /* ScanViewController.swift in Sources */,
				562CCA78220D74AF00BF6A8D /* ObservationGraph.swift in Sources */,
				562CCA65220D74AF00BF6A8D /* Card.swift in Sources */,
				562CCA69220D74AF00BF6A8D /* MoveCard.swift in Sources */,
				90D7538321AC0D2500B1F2E4 /* LevelDelegate.swift in Sources */,
				905A3C8C2179E522005E3AA5 /* PlayingField.swift in Sources */,
				C74785ED219448F1000148BC /* CardDetailViewController.swift in Sources */,
				562CCA73220D74AF00BF6A8D /* SuccessorCardNode.swift in Sources */,
				562CCA6C220D74AF00BF6A8D /* CardNodeFactory.swift in Sources */,
				204AEC12220DC9F500E0F624 /* HiddenTabBarViewController.swift in Sources */,
				90CDABC42177425200664640 /* AnimatableNode.swift in Sources */,
				56A62B0E22310727009D0E83 /* EntityModelLoader.swift in Sources */,
				56413DFD220E2AC30064332E /* GameplayController.swift in Sources */,
				56AEACA1221F5DC500ACED36 /* UIImage+Helpers.swift in Sources */,
				900F135A219447AF001C2DC2 /* LevelManager.swift in Sources */,
				5621C83C221AE67A00756628 /* simd_float4x4+Helpers.swift in Sources */,
				204AEC14220DCA1E00E0F624 /* ARContainerViewController.swift in Sources */,
				56431D2922328C7700BFAC36 /* QuantityComponent.swift in Sources */,
				C725B2C321A85A7B00DD147A /* Model.xcdatamodeld in Sources */,
				562CCA68220D74AF00BF6A8D /* LeftCard.swift in Sources */,
				562CCA79220D74AF00BF6A8D /* BarcodeDetector.swift in Sources */,
				C74785E9219427A3000148BC /* CardCollectionViewCell.swift in Sources */,
				C76A214821AC1405008A07D9 /* LevelEntity+CoreDataProperties.swift in Sources */,
				562CCA74220D74AF00BF6A8D /* ObservationEdge.swift in Sources */,
				90DF7330216F441E00F51E0C /* AppDelegate.swift in Sources */,
				56A62B1822310E8D009D0E83 /* simd_quatd+Helpers.swift in Sources */,
				56E167BA2222BDA600D40FD0 /* GKEntity+Helpers.swift in Sources */,
				562CCA7F220D750100BF6A8D /* CGImagePropertyOrientation+Helpers.swift in Sources */,
				562CCA6A220D74AF00BF6A8D /* JumpCard.swift in Sources */,
				562CCA70220D74AF00BF6A8D /* CardNode.swift in Sources */,
				56A62B1C223115B9009D0E83 /* QuantityLevel.swift in Sources */,
				562CCA7E220D750100BF6A8D /* Double+Helpers.swift in Sources */,
				905A3C92217A0891005E3AA5 /* LevelSelectViewController.swift in Sources */,
				562CCA72220D74AF00BF6A8D /* ProgramEditor.swift in Sources */,
				562CCA64220D74AF00BF6A8D /* RandomBranchCard.swift in Sources */,
				5627ECB1220EF57700DCC32E /* CardNodeDetector.swift in Sources */,
				C74785EB219427F8000148BC /* CardLibraryViewController.swift in Sources */,
				905A3C94217A09D0005E3AA5 /* LevelCollectionViewCell.swift in Sources */,
				562CCA63220D74AF00BF6A8D /* RotationCard.swift in Sources */,
				562CCA6E220D74AF00BF6A8D /* CardSequenceError.swift in Sources */,
				90A55B0921A83B0700FD7CDD /* AudioController.swift in Sources */,
				56A62B1A22311501009D0E83 /* LevelFactory.swift in Sources */,
				56431D392232A82700BFAC36 /* UpdateDelegate.swift in Sources */,
				C7273114217714E900754543 /* Plane.swift in Sources */,
				905A3C882179BE74005E3AA5 /* PlaneDetectorDelegate.swift in Sources */,
			);
			runOnlyForDeploymentPostprocessing = 0;
		};
		90DF733E216F442100F51E0C /* Sources */ = {
			isa = PBXSourcesBuildPhase;
			buildActionMask = 2147483647;
			files = (
				568AE7742223064D00A7348C /* EntityTests.swift in Sources */,
				562CCAAC220D933E00BF6A8D /* Double+HelpersTests.swift in Sources */,
				568AE77622233AC100A7348C /* EntityManagerTests.swift in Sources */,
				562CCA9C220D92BC00BF6A8D /* CardNodeFactoryTests.swift in Sources */,
				562CCA9E220D92BC00BF6A8D /* SuccessorCardNodeTests.swift in Sources */,
				562CCA9D220D92BC00BF6A8D /* CardTests.swift in Sources */,
				56A55AE42224728500A8CEE3 /* AddRemoveDelegateMock.swift in Sources */,
				562CCAA4220D92CF00BF6A8D /* ObservationGraphTests.swift in Sources */,
				562CCAA3220D92CF00BF6A8D /* ObservationSetTests.swift in Sources */,
				56E167C12222C15B00D40FD0 /* GKEntity+HelpersTests.swift in Sources */,
				562CCAA5220D92CF00BF6A8D /* ObservationEdgeTests.swift in Sources */,
				562ECC982210707D008C580E /* ProgramEditorTests.swift in Sources */,
				56E98E60222C738D00E9113C /* ObservationNodeTests.swift in Sources */,
			);
			runOnlyForDeploymentPostprocessing = 0;
		};
/* End PBXSourcesBuildPhase section */

/* Begin PBXTargetDependency section */
		90DF7344216F442100F51E0C /* PBXTargetDependency */ = {
			isa = PBXTargetDependency;
			target = 90DF732B216F441E00F51E0C /* AR Programming */;
			targetProxy = 90DF7343216F442100F51E0C /* PBXContainerItemProxy */;
		};
/* End PBXTargetDependency section */

/* Begin PBXVariantGroup section */
		90DF7335216F441E00F51E0C /* Main.storyboard */ = {
			isa = PBXVariantGroup;
			children = (
				90DF7336216F441E00F51E0C /* Base */,
			);
			name = Main.storyboard;
			sourceTree = "<group>";
		};
		90DF733A216F442000F51E0C /* LaunchScreen.storyboard */ = {
			isa = PBXVariantGroup;
			children = (
				90DF733B216F442000F51E0C /* Base */,
			);
			name = LaunchScreen.storyboard;
			sourceTree = "<group>";
		};
/* End PBXVariantGroup section */

/* Begin XCBuildConfiguration section */
		90DF7349216F442100F51E0C /* Debug */ = {
			isa = XCBuildConfiguration;
			buildSettings = {
				ALWAYS_SEARCH_USER_PATHS = NO;
				CLANG_ANALYZER_NONNULL = YES;
				CLANG_ANALYZER_NUMBER_OBJECT_CONVERSION = YES_AGGRESSIVE;
				CLANG_CXX_LANGUAGE_STANDARD = "gnu++14";
				CLANG_CXX_LIBRARY = "libc++";
				CLANG_ENABLE_MODULES = YES;
				CLANG_ENABLE_OBJC_ARC = YES;
				CLANG_ENABLE_OBJC_WEAK = YES;
				CLANG_WARN_BLOCK_CAPTURE_AUTORELEASING = YES;
				CLANG_WARN_BOOL_CONVERSION = YES;
				CLANG_WARN_COMMA = YES;
				CLANG_WARN_CONSTANT_CONVERSION = YES;
				CLANG_WARN_DEPRECATED_OBJC_IMPLEMENTATIONS = YES;
				CLANG_WARN_DIRECT_OBJC_ISA_USAGE = YES_ERROR;
				CLANG_WARN_DOCUMENTATION_COMMENTS = YES;
				CLANG_WARN_EMPTY_BODY = YES;
				CLANG_WARN_ENUM_CONVERSION = YES;
				CLANG_WARN_INFINITE_RECURSION = YES;
				CLANG_WARN_INT_CONVERSION = YES;
				CLANG_WARN_NON_LITERAL_NULL_CONVERSION = YES;
				CLANG_WARN_OBJC_IMPLICIT_RETAIN_SELF = YES;
				CLANG_WARN_OBJC_LITERAL_CONVERSION = YES;
				CLANG_WARN_OBJC_ROOT_CLASS = YES_ERROR;
				CLANG_WARN_RANGE_LOOP_ANALYSIS = YES;
				CLANG_WARN_STRICT_PROTOTYPES = YES;
				CLANG_WARN_SUSPICIOUS_MOVE = YES;
				CLANG_WARN_UNGUARDED_AVAILABILITY = YES_AGGRESSIVE;
				CLANG_WARN_UNREACHABLE_CODE = YES;
				CLANG_WARN__DUPLICATE_METHOD_MATCH = YES;
				CODE_SIGN_IDENTITY = "iPhone Developer";
				COPY_PHASE_STRIP = NO;
				DEBUG_INFORMATION_FORMAT = dwarf;
				ENABLE_STRICT_OBJC_MSGSEND = YES;
				ENABLE_TESTABILITY = YES;
				GCC_C_LANGUAGE_STANDARD = gnu11;
				GCC_DYNAMIC_NO_PIC = NO;
				GCC_NO_COMMON_BLOCKS = YES;
				GCC_OPTIMIZATION_LEVEL = 0;
				GCC_PREPROCESSOR_DEFINITIONS = (
					"DEBUG=1",
					"$(inherited)",
				);
				GCC_WARN_64_TO_32_BIT_CONVERSION = YES;
				GCC_WARN_ABOUT_RETURN_TYPE = YES_ERROR;
				GCC_WARN_UNDECLARED_SELECTOR = YES;
				GCC_WARN_UNINITIALIZED_AUTOS = YES_AGGRESSIVE;
				GCC_WARN_UNUSED_FUNCTION = YES;
				GCC_WARN_UNUSED_VARIABLE = YES;
				IPHONEOS_DEPLOYMENT_TARGET = 12.1;
				MTL_ENABLE_DEBUG_INFO = INCLUDE_SOURCE;
				MTL_FAST_MATH = YES;
				ONLY_ACTIVE_ARCH = YES;
				SDKROOT = iphoneos;
				SWIFT_ACTIVE_COMPILATION_CONDITIONS = DEBUG;
				SWIFT_OPTIMIZATION_LEVEL = "-Onone";
			};
			name = Debug;
		};
		90DF734A216F442100F51E0C /* Release */ = {
			isa = XCBuildConfiguration;
			buildSettings = {
				ALWAYS_SEARCH_USER_PATHS = NO;
				CLANG_ANALYZER_NONNULL = YES;
				CLANG_ANALYZER_NUMBER_OBJECT_CONVERSION = YES_AGGRESSIVE;
				CLANG_CXX_LANGUAGE_STANDARD = "gnu++14";
				CLANG_CXX_LIBRARY = "libc++";
				CLANG_ENABLE_MODULES = YES;
				CLANG_ENABLE_OBJC_ARC = YES;
				CLANG_ENABLE_OBJC_WEAK = YES;
				CLANG_WARN_BLOCK_CAPTURE_AUTORELEASING = YES;
				CLANG_WARN_BOOL_CONVERSION = YES;
				CLANG_WARN_COMMA = YES;
				CLANG_WARN_CONSTANT_CONVERSION = YES;
				CLANG_WARN_DEPRECATED_OBJC_IMPLEMENTATIONS = YES;
				CLANG_WARN_DIRECT_OBJC_ISA_USAGE = YES_ERROR;
				CLANG_WARN_DOCUMENTATION_COMMENTS = YES;
				CLANG_WARN_EMPTY_BODY = YES;
				CLANG_WARN_ENUM_CONVERSION = YES;
				CLANG_WARN_INFINITE_RECURSION = YES;
				CLANG_WARN_INT_CONVERSION = YES;
				CLANG_WARN_NON_LITERAL_NULL_CONVERSION = YES;
				CLANG_WARN_OBJC_IMPLICIT_RETAIN_SELF = YES;
				CLANG_WARN_OBJC_LITERAL_CONVERSION = YES;
				CLANG_WARN_OBJC_ROOT_CLASS = YES_ERROR;
				CLANG_WARN_RANGE_LOOP_ANALYSIS = YES;
				CLANG_WARN_STRICT_PROTOTYPES = YES;
				CLANG_WARN_SUSPICIOUS_MOVE = YES;
				CLANG_WARN_UNGUARDED_AVAILABILITY = YES_AGGRESSIVE;
				CLANG_WARN_UNREACHABLE_CODE = YES;
				CLANG_WARN__DUPLICATE_METHOD_MATCH = YES;
				CODE_SIGN_IDENTITY = "iPhone Developer";
				COPY_PHASE_STRIP = NO;
				DEBUG_INFORMATION_FORMAT = "dwarf-with-dsym";
				ENABLE_NS_ASSERTIONS = NO;
				ENABLE_STRICT_OBJC_MSGSEND = YES;
				GCC_C_LANGUAGE_STANDARD = gnu11;
				GCC_NO_COMMON_BLOCKS = YES;
				GCC_WARN_64_TO_32_BIT_CONVERSION = YES;
				GCC_WARN_ABOUT_RETURN_TYPE = YES_ERROR;
				GCC_WARN_UNDECLARED_SELECTOR = YES;
				GCC_WARN_UNINITIALIZED_AUTOS = YES_AGGRESSIVE;
				GCC_WARN_UNUSED_FUNCTION = YES;
				GCC_WARN_UNUSED_VARIABLE = YES;
				IPHONEOS_DEPLOYMENT_TARGET = 12.1;
				MTL_ENABLE_DEBUG_INFO = NO;
				MTL_FAST_MATH = YES;
				SDKROOT = iphoneos;
				SWIFT_COMPILATION_MODE = wholemodule;
				SWIFT_OPTIMIZATION_LEVEL = "-O";
				VALIDATE_PRODUCT = YES;
			};
			name = Release;
		};
		90DF734C216F442100F51E0C /* Debug */ = {
			isa = XCBuildConfiguration;
			baseConfigurationReference = 2CBF6D6B964CB7805473D1E8 /* Pods-AR Programming.debug.xcconfig */;
			buildSettings = {
				ASSETCATALOG_COMPILER_APPICON_NAME = AppIcon;
				CLANG_ENABLE_MODULES = YES;
				CODE_SIGN_STYLE = Manual;
				DEVELOPMENT_TEAM = 8VP2CK62GJ;
				INFOPLIST_FILE = "AR Programming/Info.plist";
				IPHONEOS_DEPLOYMENT_TARGET = 12.1;
				LD_RUNPATH_SEARCH_PATHS = (
					"$(inherited)",
					"@executable_path/Frameworks",
				);
				PRODUCT_BUNDLE_IDENTIFIER = dk.sdu.ARProgramming;
				PRODUCT_NAME = "$(TARGET_NAME)";
				PROVISIONING_PROFILE_SPECIFIER = ARProgramming;
				SWIFT_OBJC_BRIDGING_HEADER = "AR Programming/Model/Entity/AR Programming-Bridging-Header.h";
				SWIFT_OPTIMIZATION_LEVEL = "-Onone";
				SWIFT_VERSION = 4.2;
				TARGETED_DEVICE_FAMILY = "1,2";
			};
			name = Debug;
		};
		90DF734D216F442100F51E0C /* Release */ = {
			isa = XCBuildConfiguration;
			baseConfigurationReference = 3F68042C35BD5B2A4D85C7F9 /* Pods-AR Programming.release.xcconfig */;
			buildSettings = {
				ASSETCATALOG_COMPILER_APPICON_NAME = AppIcon;
				CLANG_ENABLE_MODULES = YES;
				CODE_SIGN_STYLE = Manual;
				DEVELOPMENT_TEAM = 8VP2CK62GJ;
				INFOPLIST_FILE = "AR Programming/Info.plist";
				IPHONEOS_DEPLOYMENT_TARGET = 12.1;
				LD_RUNPATH_SEARCH_PATHS = (
					"$(inherited)",
					"@executable_path/Frameworks",
				);
				PRODUCT_BUNDLE_IDENTIFIER = dk.sdu.ARProgramming;
				PRODUCT_NAME = "$(TARGET_NAME)";
				PROVISIONING_PROFILE_SPECIFIER = ARProgramming;
				SWIFT_OBJC_BRIDGING_HEADER = "AR Programming/Model/Entity/AR Programming-Bridging-Header.h";
				SWIFT_VERSION = 4.2;
				TARGETED_DEVICE_FAMILY = "1,2";
			};
			name = Release;
		};
		90DF734F216F442100F51E0C /* Debug */ = {
			isa = XCBuildConfiguration;
			baseConfigurationReference = 9E22EC9C0309734A8EC82229 /* Pods-AR ProgrammingTests.debug.xcconfig */;
			buildSettings = {
				ALWAYS_EMBED_SWIFT_STANDARD_LIBRARIES = NO;
				BUNDLE_LOADER = "$(TEST_HOST)";
				CLANG_ENABLE_MODULES = YES;
				CODE_SIGN_IDENTITY = "iPhone Developer";
				CODE_SIGN_STYLE = Automatic;
				DEVELOPMENT_TEAM = 8VP2CK62GJ;
				INFOPLIST_FILE = "AR ProgrammingTests/Info.plist";
				LD_RUNPATH_SEARCH_PATHS = (
					"$(inherited)",
					"@executable_path/Frameworks",
					"@loader_path/Frameworks",
				);
				PRODUCT_BUNDLE_IDENTIFIER = "dk.sdu.group10.AR-ProgrammingTests";
				PRODUCT_NAME = "$(TARGET_NAME)";
				PROVISIONING_PROFILE_SPECIFIER = "";
				SWIFT_OPTIMIZATION_LEVEL = "-Onone";
				SWIFT_VERSION = 4.2;
				TARGETED_DEVICE_FAMILY = "1,2";
				TEST_HOST = "$(BUILT_PRODUCTS_DIR)/AR Programming.app/AR Programming";
			};
			name = Debug;
		};
		90DF7350216F442100F51E0C /* Release */ = {
			isa = XCBuildConfiguration;
			baseConfigurationReference = C572DB0C2C2E8C51CB97FFDF /* Pods-AR ProgrammingTests.release.xcconfig */;
			buildSettings = {
				ALWAYS_EMBED_SWIFT_STANDARD_LIBRARIES = NO;
				BUNDLE_LOADER = "$(TEST_HOST)";
				CLANG_ENABLE_MODULES = YES;
				CODE_SIGN_IDENTITY = "iPhone Developer";
				CODE_SIGN_STYLE = Automatic;
				DEVELOPMENT_TEAM = 8VP2CK62GJ;
				INFOPLIST_FILE = "AR ProgrammingTests/Info.plist";
				LD_RUNPATH_SEARCH_PATHS = (
					"$(inherited)",
					"@executable_path/Frameworks",
					"@loader_path/Frameworks",
				);
				PRODUCT_BUNDLE_IDENTIFIER = "dk.sdu.group10.AR-ProgrammingTests";
				PRODUCT_NAME = "$(TARGET_NAME)";
				PROVISIONING_PROFILE_SPECIFIER = "";
				SWIFT_VERSION = 4.2;
				TARGETED_DEVICE_FAMILY = "1,2";
				TEST_HOST = "$(BUILT_PRODUCTS_DIR)/AR Programming.app/AR Programming";
			};
			name = Release;
		};
/* End XCBuildConfiguration section */

/* Begin XCConfigurationList section */
		90DF7327216F441E00F51E0C /* Build configuration list for PBXProject "AR Programming" */ = {
			isa = XCConfigurationList;
			buildConfigurations = (
				90DF7349216F442100F51E0C /* Debug */,
				90DF734A216F442100F51E0C /* Release */,
			);
			defaultConfigurationIsVisible = 0;
			defaultConfigurationName = Release;
		};
		90DF734B216F442100F51E0C /* Build configuration list for PBXNativeTarget "AR Programming" */ = {
			isa = XCConfigurationList;
			buildConfigurations = (
				90DF734C216F442100F51E0C /* Debug */,
				90DF734D216F442100F51E0C /* Release */,
			);
			defaultConfigurationIsVisible = 0;
			defaultConfigurationName = Release;
		};
		90DF734E216F442100F51E0C /* Build configuration list for PBXNativeTarget "AR ProgrammingTests" */ = {
			isa = XCConfigurationList;
			buildConfigurations = (
				90DF734F216F442100F51E0C /* Debug */,
				90DF7350216F442100F51E0C /* Release */,
			);
			defaultConfigurationIsVisible = 0;
			defaultConfigurationName = Release;
		};
/* End XCConfigurationList section */

/* Begin XCVersionGroup section */
		C725B2C121A85A7B00DD147A /* Model.xcdatamodeld */ = {
			isa = XCVersionGroup;
			children = (
				C725B2C221A85A7B00DD147A /* Model.xcdatamodel */,
			);
			currentVersion = C725B2C221A85A7B00DD147A /* Model.xcdatamodel */;
			path = Model.xcdatamodeld;
			sourceTree = "<group>";
			versionGroupType = wrapper.xcdatamodel;
		};
/* End XCVersionGroup section */
	};
	rootObject = 90DF7324216F441E00F51E0C /* Project object */;
}
