// !$*UTF8*$!
{
	archiveVersion = 1;
	classes = {
	};
	objectVersion = 50;
	objects = {

/* Begin PBXBuildFile section */
		6C12D9D821873ECD003D0528 /* Vector2.swift in Sources */ = {isa = PBXBuildFile; fileRef = 6C12D9D721873ECD003D0528 /* Vector2.swift */; };
		6C1D399F217BA4630053D482 /* CardSequenceTests.swift in Sources */ = {isa = PBXBuildFile; fileRef = 6C1D399E217BA4630053D482 /* CardSequenceTests.swift */; };
		6C512972217C95EC00421A48 /* RegressionLine.swift in Sources */ = {isa = PBXBuildFile; fileRef = 6C512971217C95EC00421A48 /* RegressionLine.swift */; };
		6C512974217C978E00421A48 /* RegressionLineTests.swift in Sources */ = {isa = PBXBuildFile; fileRef = 6C512973217C978E00421A48 /* RegressionLineTests.swift */; };
		6CD69945218F3DE900A9E755 /* CardFactory.swift in Sources */ = {isa = PBXBuildFile; fileRef = 6CD69944218F3DE900A9E755 /* CardFactory.swift */; };
		6CEF68612174D11E006E62B8 /* GameViewController.swift in Sources */ = {isa = PBXBuildFile; fileRef = 6CEF68602174D11E006E62B8 /* GameViewController.swift */; };
		900F13542194269F001C2DC2 /* TileMap.swift in Sources */ = {isa = PBXBuildFile; fileRef = 900F13532194269F001C2DC2 /* TileMap.swift */; };
		900F13582194405D001C2DC2 /* CardSequenceProgressDelegate.swift in Sources */ = {isa = PBXBuildFile; fileRef = 900F13572194405D001C2DC2 /* CardSequenceProgressDelegate.swift */; };
		900F135A219447AF001C2DC2 /* LevelManager.swift in Sources */ = {isa = PBXBuildFile; fileRef = 900F1359219447AF001C2DC2 /* LevelManager.swift */; };
		901584C82199BDF400450E0B /* LevelViewController.swift in Sources */ = {isa = PBXBuildFile; fileRef = 901584C72199BDF400450E0B /* LevelViewController.swift */; };
		901584CA2199BE0200450E0B /* ScanViewController.swift in Sources */ = {isa = PBXBuildFile; fileRef = 901584C92199BE0200450E0B /* ScanViewController.swift */; };
		901584CC2199C32100450E0B /* ARController.swift in Sources */ = {isa = PBXBuildFile; fileRef = 901584CB2199C32100450E0B /* ARController.swift */; };
		9057369B2175D1C200F231E1 /* Card.swift in Sources */ = {isa = PBXBuildFile; fileRef = 9057369A2175D1C200F231E1 /* Card.swift */; };
		905A3C842179BE54005E3AA5 /* CardScannerDelegate.swift in Sources */ = {isa = PBXBuildFile; fileRef = 905A3C832179BE54005E3AA5 /* CardScannerDelegate.swift */; };
		905A3C882179BE74005E3AA5 /* PlaneDetectorDelegate.swift in Sources */ = {isa = PBXBuildFile; fileRef = 905A3C872179BE74005E3AA5 /* PlaneDetectorDelegate.swift */; };
		905A3C8C2179E522005E3AA5 /* PlayingField.swift in Sources */ = {isa = PBXBuildFile; fileRef = 905A3C8B2179E522005E3AA5 /* PlayingField.swift */; };
		905A3C8E2179E582005E3AA5 /* AnchoredNode.swift in Sources */ = {isa = PBXBuildFile; fileRef = 905A3C8D2179E582005E3AA5 /* AnchoredNode.swift */; };
		905A3C92217A0891005E3AA5 /* LevelSelectViewController.swift in Sources */ = {isa = PBXBuildFile; fileRef = 905A3C91217A0891005E3AA5 /* LevelSelectViewController.swift */; };
		905A3C94217A09D0005E3AA5 /* LevelCollectionViewCell.swift in Sources */ = {isa = PBXBuildFile; fileRef = 905A3C93217A09D0005E3AA5 /* LevelCollectionViewCell.swift */; };
		90BA0F5C2188A1D7005B6A6B /* RotationCommand.swift in Sources */ = {isa = PBXBuildFile; fileRef = 90BA0F5B2188A1D7005B6A6B /* RotationCommand.swift */; };
		90CDABC221773E2700664640 /* Meshes.scnassets in Resources */ = {isa = PBXBuildFile; fileRef = 90CDABC121773E2700664640 /* Meshes.scnassets */; };
		90CDABC42177425200664640 /* AnimatableNode.swift in Sources */ = {isa = PBXBuildFile; fileRef = 90CDABC32177425200664640 /* AnimatableNode.swift */; };
		90CDABC62177623100664640 /* CardSequence.swift in Sources */ = {isa = PBXBuildFile; fileRef = 90CDABC52177623100664640 /* CardSequence.swift */; };
		90DF7330216F441E00F51E0C /* AppDelegate.swift in Sources */ = {isa = PBXBuildFile; fileRef = 90DF732F216F441E00F51E0C /* AppDelegate.swift */; };
		90DF7337216F441E00F51E0C /* Main.storyboard in Resources */ = {isa = PBXBuildFile; fileRef = 90DF7335216F441E00F51E0C /* Main.storyboard */; };
		90DF7339216F442000F51E0C /* Assets.xcassets in Resources */ = {isa = PBXBuildFile; fileRef = 90DF7338216F442000F51E0C /* Assets.xcassets */; };
		90DF733C216F442000F51E0C /* LaunchScreen.storyboard in Resources */ = {isa = PBXBuildFile; fileRef = 90DF733A216F442000F51E0C /* LaunchScreen.storyboard */; };
		C725B2C321A85A7B00DD147A /* Model.xcdatamodeld in Sources */ = {isa = PBXBuildFile; fileRef = C725B2C121A85A7B00DD147A /* Model.xcdatamodeld */; };
		C7273114217714E900754543 /* Plane.swift in Sources */ = {isa = PBXBuildFile; fileRef = C7273113217714E900754543 /* Plane.swift */; };
		C7273118217752C400754543 /* CardCommand.swift in Sources */ = {isa = PBXBuildFile; fileRef = C7273117217752C400754543 /* CardCommand.swift */; };
		C727311A2177539300754543 /* MoveCommand.swift in Sources */ = {isa = PBXBuildFile; fileRef = C72731192177539300754543 /* MoveCommand.swift */; };
		C727311C2177581400754543 /* RightCommand.swift in Sources */ = {isa = PBXBuildFile; fileRef = C727311B2177581400754543 /* RightCommand.swift */; };
		C727311E21775A1100754543 /* LeftCommand.swift in Sources */ = {isa = PBXBuildFile; fileRef = C727311D21775A1100754543 /* LeftCommand.swift */; };
		C727312021775A5B00754543 /* JumpCommand.swift in Sources */ = {isa = PBXBuildFile; fileRef = C727311F21775A5B00754543 /* JumpCommand.swift */; };
		C74785E9219427A3000148BC /* CardCollectionViewCell.swift in Sources */ = {isa = PBXBuildFile; fileRef = C74785E8219427A3000148BC /* CardCollectionViewCell.swift */; };
		C74785EB219427F8000148BC /* CardLibraryViewController.swift in Sources */ = {isa = PBXBuildFile; fileRef = C74785EA219427F8000148BC /* CardLibraryViewController.swift */; };
		C74785ED219448F1000148BC /* CardDetailViewController.swift in Sources */ = {isa = PBXBuildFile; fileRef = C74785EC219448F1000148BC /* CardDetailViewController.swift */; };
		C76A214721AC1405008A07D9 /* LevelEntity+CoreDataClass.swift in Sources */ = {isa = PBXBuildFile; fileRef = C76A214521AC1405008A07D9 /* LevelEntity+CoreDataClass.swift */; };
		C76A214821AC1405008A07D9 /* LevelEntity+CoreDataProperties.swift in Sources */ = {isa = PBXBuildFile; fileRef = C76A214621AC1405008A07D9 /* LevelEntity+CoreDataProperties.swift */; };
		C79CED572179E175001487BF /* Level.swift in Sources */ = {isa = PBXBuildFile; fileRef = C79CED562179E175001487BF /* Level.swift */; };
		C79CED592179E193001487BF /* CardMapper.swift in Sources */ = {isa = PBXBuildFile; fileRef = C79CED582179E193001487BF /* CardMapper.swift */; };
		C79CED5D217A0176001487BF /* CardWorld.swift in Sources */ = {isa = PBXBuildFile; fileRef = C79CED5C217A0176001487BF /* CardWorld.swift */; };
/* End PBXBuildFile section */

/* Begin PBXContainerItemProxy section */
		90DF7343216F442100F51E0C /* PBXContainerItemProxy */ = {
			isa = PBXContainerItemProxy;
			containerPortal = 90DF7324216F441E00F51E0C /* Project object */;
			proxyType = 1;
			remoteGlobalIDString = 90DF732B216F441E00F51E0C;
			remoteInfo = "AR Programming";
		};
/* End PBXContainerItemProxy section */

/* Begin PBXFileReference section */
		6C12D9D721873ECD003D0528 /* Vector2.swift */ = {isa = PBXFileReference; lastKnownFileType = sourcecode.swift; path = Vector2.swift; sourceTree = "<group>"; };
		6C1D399E217BA4630053D482 /* CardSequenceTests.swift */ = {isa = PBXFileReference; lastKnownFileType = sourcecode.swift; path = CardSequenceTests.swift; sourceTree = "<group>"; };
		6C512971217C95EC00421A48 /* RegressionLine.swift */ = {isa = PBXFileReference; lastKnownFileType = sourcecode.swift; path = RegressionLine.swift; sourceTree = "<group>"; };
		6C512973217C978E00421A48 /* RegressionLineTests.swift */ = {isa = PBXFileReference; lastKnownFileType = sourcecode.swift; path = RegressionLineTests.swift; sourceTree = "<group>"; };
		6CD69944218F3DE900A9E755 /* CardFactory.swift */ = {isa = PBXFileReference; lastKnownFileType = sourcecode.swift; path = CardFactory.swift; sourceTree = "<group>"; };
		6CEF68602174D11E006E62B8 /* GameViewController.swift */ = {isa = PBXFileReference; lastKnownFileType = sourcecode.swift; path = GameViewController.swift; sourceTree = "<group>"; };
		900F13532194269F001C2DC2 /* TileMap.swift */ = {isa = PBXFileReference; lastKnownFileType = sourcecode.swift; path = TileMap.swift; sourceTree = "<group>"; };
		900F13572194405D001C2DC2 /* CardSequenceProgressDelegate.swift */ = {isa = PBXFileReference; lastKnownFileType = sourcecode.swift; path = CardSequenceProgressDelegate.swift; sourceTree = "<group>"; };
		900F1359219447AF001C2DC2 /* LevelManager.swift */ = {isa = PBXFileReference; lastKnownFileType = sourcecode.swift; path = LevelManager.swift; sourceTree = "<group>"; };
		901584C72199BDF400450E0B /* LevelViewController.swift */ = {isa = PBXFileReference; lastKnownFileType = sourcecode.swift; path = LevelViewController.swift; sourceTree = "<group>"; };
		901584C92199BE0200450E0B /* ScanViewController.swift */ = {isa = PBXFileReference; lastKnownFileType = sourcecode.swift; path = ScanViewController.swift; sourceTree = "<group>"; };
		901584CB2199C32100450E0B /* ARController.swift */ = {isa = PBXFileReference; lastKnownFileType = sourcecode.swift; path = ARController.swift; sourceTree = "<group>"; };
		9057369A2175D1C200F231E1 /* Card.swift */ = {isa = PBXFileReference; lastKnownFileType = sourcecode.swift; path = Card.swift; sourceTree = "<group>"; };
		905A3C832179BE54005E3AA5 /* CardScannerDelegate.swift */ = {isa = PBXFileReference; lastKnownFileType = sourcecode.swift; path = CardScannerDelegate.swift; sourceTree = "<group>"; };
		905A3C872179BE74005E3AA5 /* PlaneDetectorDelegate.swift */ = {isa = PBXFileReference; lastKnownFileType = sourcecode.swift; path = PlaneDetectorDelegate.swift; sourceTree = "<group>"; };
		905A3C8B2179E522005E3AA5 /* PlayingField.swift */ = {isa = PBXFileReference; lastKnownFileType = sourcecode.swift; path = PlayingField.swift; sourceTree = "<group>"; };
		905A3C8D2179E582005E3AA5 /* AnchoredNode.swift */ = {isa = PBXFileReference; lastKnownFileType = sourcecode.swift; path = AnchoredNode.swift; sourceTree = "<group>"; };
		905A3C91217A0891005E3AA5 /* LevelSelectViewController.swift */ = {isa = PBXFileReference; lastKnownFileType = sourcecode.swift; path = LevelSelectViewController.swift; sourceTree = "<group>"; };
		905A3C93217A09D0005E3AA5 /* LevelCollectionViewCell.swift */ = {isa = PBXFileReference; lastKnownFileType = sourcecode.swift; path = LevelCollectionViewCell.swift; sourceTree = "<group>"; };
		90BA0F5B2188A1D7005B6A6B /* RotationCommand.swift */ = {isa = PBXFileReference; lastKnownFileType = sourcecode.swift; path = RotationCommand.swift; sourceTree = "<group>"; };
		90CDABC121773E2700664640 /* Meshes.scnassets */ = {isa = PBXFileReference; lastKnownFileType = wrapper.scnassets; path = Meshes.scnassets; sourceTree = "<group>"; };
		90CDABC32177425200664640 /* AnimatableNode.swift */ = {isa = PBXFileReference; lastKnownFileType = sourcecode.swift; path = AnimatableNode.swift; sourceTree = "<group>"; };
		90CDABC52177623100664640 /* CardSequence.swift */ = {isa = PBXFileReference; lastKnownFileType = sourcecode.swift; path = CardSequence.swift; sourceTree = "<group>"; };
		90DF732C216F441E00F51E0C /* AR Programming.app */ = {isa = PBXFileReference; explicitFileType = wrapper.application; includeInIndex = 0; path = "AR Programming.app"; sourceTree = BUILT_PRODUCTS_DIR; };
		90DF732F216F441E00F51E0C /* AppDelegate.swift */ = {isa = PBXFileReference; lastKnownFileType = sourcecode.swift; path = AppDelegate.swift; sourceTree = "<group>"; };
		90DF7336216F441E00F51E0C /* Base */ = {isa = PBXFileReference; lastKnownFileType = file.storyboard; name = Base; path = Base.lproj/Main.storyboard; sourceTree = "<group>"; };
		90DF7338216F442000F51E0C /* Assets.xcassets */ = {isa = PBXFileReference; lastKnownFileType = folder.assetcatalog; path = Assets.xcassets; sourceTree = "<group>"; };
		90DF733B216F442000F51E0C /* Base */ = {isa = PBXFileReference; lastKnownFileType = file.storyboard; name = Base; path = Base.lproj/LaunchScreen.storyboard; sourceTree = "<group>"; };
		90DF733D216F442000F51E0C /* Info.plist */ = {isa = PBXFileReference; lastKnownFileType = text.plist.xml; path = Info.plist; sourceTree = "<group>"; };
		90DF7342216F442100F51E0C /* AR ProgrammingTests.xctest */ = {isa = PBXFileReference; explicitFileType = wrapper.cfbundle; includeInIndex = 0; path = "AR ProgrammingTests.xctest"; sourceTree = BUILT_PRODUCTS_DIR; };
		90DF7348216F442100F51E0C /* Info.plist */ = {isa = PBXFileReference; lastKnownFileType = text.plist.xml; path = Info.plist; sourceTree = "<group>"; };
		C725B2C221A85A7B00DD147A /* Model.xcdatamodel */ = {isa = PBXFileReference; lastKnownFileType = wrapper.xcdatamodel; path = Model.xcdatamodel; sourceTree = "<group>"; };
		C7273113217714E900754543 /* Plane.swift */ = {isa = PBXFileReference; lastKnownFileType = sourcecode.swift; path = Plane.swift; sourceTree = "<group>"; };
		C7273117217752C400754543 /* CardCommand.swift */ = {isa = PBXFileReference; lastKnownFileType = sourcecode.swift; path = CardCommand.swift; sourceTree = "<group>"; };
		C72731192177539300754543 /* MoveCommand.swift */ = {isa = PBXFileReference; lastKnownFileType = sourcecode.swift; path = MoveCommand.swift; sourceTree = "<group>"; };
		C727311B2177581400754543 /* RightCommand.swift */ = {isa = PBXFileReference; lastKnownFileType = sourcecode.swift; path = RightCommand.swift; sourceTree = "<group>"; };
		C727311D21775A1100754543 /* LeftCommand.swift */ = {isa = PBXFileReference; lastKnownFileType = sourcecode.swift; path = LeftCommand.swift; sourceTree = "<group>"; };
		C727311F21775A5B00754543 /* JumpCommand.swift */ = {isa = PBXFileReference; lastKnownFileType = sourcecode.swift; path = JumpCommand.swift; sourceTree = "<group>"; };
		C74785E8219427A3000148BC /* CardCollectionViewCell.swift */ = {isa = PBXFileReference; lastKnownFileType = sourcecode.swift; path = CardCollectionViewCell.swift; sourceTree = "<group>"; };
		C74785EA219427F8000148BC /* CardLibraryViewController.swift */ = {isa = PBXFileReference; lastKnownFileType = sourcecode.swift; path = CardLibraryViewController.swift; sourceTree = "<group>"; };
		C74785EC219448F1000148BC /* CardDetailViewController.swift */ = {isa = PBXFileReference; lastKnownFileType = sourcecode.swift; path = CardDetailViewController.swift; sourceTree = "<group>"; };
		C76A214521AC1405008A07D9 /* LevelEntity+CoreDataClass.swift */ = {isa = PBXFileReference; lastKnownFileType = sourcecode.swift; path = "LevelEntity+CoreDataClass.swift"; sourceTree = "<group>"; };
		C76A214621AC1405008A07D9 /* LevelEntity+CoreDataProperties.swift */ = {isa = PBXFileReference; lastKnownFileType = sourcecode.swift; path = "LevelEntity+CoreDataProperties.swift"; sourceTree = "<group>"; };
		C79CED562179E175001487BF /* Level.swift */ = {isa = PBXFileReference; lastKnownFileType = sourcecode.swift; path = Level.swift; sourceTree = "<group>"; };
		C79CED582179E193001487BF /* CardMapper.swift */ = {isa = PBXFileReference; lastKnownFileType = sourcecode.swift; path = CardMapper.swift; sourceTree = "<group>"; };
		C79CED5C217A0176001487BF /* CardWorld.swift */ = {isa = PBXFileReference; lastKnownFileType = sourcecode.swift; path = CardWorld.swift; sourceTree = "<group>"; };
/* End PBXFileReference section */

/* Begin PBXFrameworksBuildPhase section */
		90DF7329216F441E00F51E0C /* Frameworks */ = {
			isa = PBXFrameworksBuildPhase;
			buildActionMask = 2147483647;
			files = (
			);
			runOnlyForDeploymentPostprocessing = 0;
		};
		90DF733F216F442100F51E0C /* Frameworks */ = {
			isa = PBXFrameworksBuildPhase;
			buildActionMask = 2147483647;
			files = (
			);
			runOnlyForDeploymentPostprocessing = 0;
		};
/* End PBXFrameworksBuildPhase section */

/* Begin PBXGroup section */
		6CD69940218F392500A9E755 /* Level */ = {
			isa = PBXGroup;
			children = (
				C79CED562179E175001487BF /* Level.swift */,
				900F13532194269F001C2DC2 /* TileMap.swift */,
				900F1359219447AF001C2DC2 /* LevelManager.swift */,
			);
			path = Level;
			sourceTree = "<group>";
		};
		6CD69943218F3DD100A9E755 /* Card */ = {
			isa = PBXGroup;
			children = (
				C79CED582179E193001487BF /* CardMapper.swift */,
				C79CED5C217A0176001487BF /* CardWorld.swift */,
				C7273117217752C400754543 /* CardCommand.swift */,
				C72731192177539300754543 /* MoveCommand.swift */,
				C727311B2177581400754543 /* RightCommand.swift */,
				C727311D21775A1100754543 /* LeftCommand.swift */,
				C727311F21775A5B00754543 /* JumpCommand.swift */,
				90BA0F5B2188A1D7005B6A6B /* RotationCommand.swift */,
				90CDABC52177623100664640 /* CardSequence.swift */,
				9057369A2175D1C200F231E1 /* Card.swift */,
				6CD69944218F3DE900A9E755 /* CardFactory.swift */,
				900F13572194405D001C2DC2 /* CardSequenceProgressDelegate.swift */,
			);
			path = Card;
			sourceTree = "<group>";
		};
		902AB4202195BFDE00FD49C6 /* Supporting Files */ = {
			isa = PBXGroup;
			children = (
			);
			path = "Supporting Files";
			sourceTree = "<group>";
		};
		905736992175D19000F231E1 /* Model */ = {
			isa = PBXGroup;
			children = (
				6CD69943218F3DD100A9E755 /* Card */,
				6CD69940218F392500A9E755 /* Level */,
				C7273113217714E900754543 /* Plane.swift */,
				90CDABC32177425200664640 /* AnimatableNode.swift */,
				905A3C8B2179E522005E3AA5 /* PlayingField.swift */,
				905A3C8D2179E582005E3AA5 /* AnchoredNode.swift */,
				6C512971217C95EC00421A48 /* RegressionLine.swift */,
				6C12D9D721873ECD003D0528 /* Vector2.swift */,
			);
			path = Model;
			sourceTree = "<group>";
		};
		9057369E2175D42900F231E1 /* Controller */ = {
			isa = PBXGroup;
			children = (
				905A3C782179BDC3005E3AA5 /* Card */,
				6CEF68602174D11E006E62B8 /* GameViewController.swift */,
				905A3C91217A0891005E3AA5 /* LevelSelectViewController.swift */,
				905A3C93217A09D0005E3AA5 /* LevelCollectionViewCell.swift */,
				901584C72199BDF400450E0B /* LevelViewController.swift */,
				901584C92199BE0200450E0B /* ScanViewController.swift */,
				C74785E8219427A3000148BC /* CardCollectionViewCell.swift */,
				C74785EA219427F8000148BC /* CardLibraryViewController.swift */,
				C74785EC219448F1000148BC /* CardDetailViewController.swift */,
			);
			path = Controller;
			sourceTree = "<group>";
		};
		905A3C782179BDC3005E3AA5 /* Card */ = {
			isa = PBXGroup;
			children = (
				905A3C832179BE54005E3AA5 /* CardScannerDelegate.swift */,
				905A3C872179BE74005E3AA5 /* PlaneDetectorDelegate.swift */,
				901584CB2199C32100450E0B /* ARController.swift */,
			);
			path = Card;
			sourceTree = "<group>";
		};
		90DF7323216F441E00F51E0C = {
			isa = PBXGroup;
			children = (
				902AB4202195BFDE00FD49C6 /* Supporting Files */,
				90DF732E216F441E00F51E0C /* AR Programming */,
				90DF7345216F442100F51E0C /* AR ProgrammingTests */,
				90DF732D216F441E00F51E0C /* Products */,
			);
			sourceTree = "<group>";
		};
		90DF732D216F441E00F51E0C /* Products */ = {
			isa = PBXGroup;
			children = (
				90DF732C216F441E00F51E0C /* AR Programming.app */,
				90DF7342216F442100F51E0C /* AR ProgrammingTests.xctest */,
			);
			name = Products;
			sourceTree = "<group>";
		};
		90DF732E216F441E00F51E0C /* AR Programming */ = {
			isa = PBXGroup;
			children = (
				C725B2C021A85A6D00DD147A /* Persistence */,
				9057369E2175D42900F231E1 /* Controller */,
				905736992175D19000F231E1 /* Model */,
				90DF732F216F441E00F51E0C /* AppDelegate.swift */,
				90DF7335216F441E00F51E0C /* Main.storyboard */,
				90DF7338216F442000F51E0C /* Assets.xcassets */,
				90DF733A216F442000F51E0C /* LaunchScreen.storyboard */,
				90DF733D216F442000F51E0C /* Info.plist */,
				90CDABC121773E2700664640 /* Meshes.scnassets */,
			);
			path = "AR Programming";
			sourceTree = "<group>";
		};
		90DF7345216F442100F51E0C /* AR ProgrammingTests */ = {
			isa = PBXGroup;
			children = (
				90DF7348216F442100F51E0C /* Info.plist */,
				6C1D399E217BA4630053D482 /* CardSequenceTests.swift */,
				6C512973217C978E00421A48 /* RegressionLineTests.swift */,
			);
			path = "AR ProgrammingTests";
			sourceTree = "<group>";
		};
		C725B2C021A85A6D00DD147A /* Persistence */ = {
			isa = PBXGroup;
			children = (
				C76A214521AC1405008A07D9 /* LevelEntity+CoreDataClass.swift */,
				C76A214621AC1405008A07D9 /* LevelEntity+CoreDataProperties.swift */,
				C725B2C121A85A7B00DD147A /* Model.xcdatamodeld */,
			);
			path = Persistence;
			sourceTree = "<group>";
		};
/* End PBXGroup section */

/* Begin PBXNativeTarget section */
		90DF732B216F441E00F51E0C /* AR Programming */ = {
			isa = PBXNativeTarget;
			buildConfigurationList = 90DF734B216F442100F51E0C /* Build configuration list for PBXNativeTarget "AR Programming" */;
			buildPhases = (
				90DF7328216F441E00F51E0C /* Sources */,
				90DF7329216F441E00F51E0C /* Frameworks */,
				90DF732A216F441E00F51E0C /* Resources */,
			);
			buildRules = (
			);
			dependencies = (
			);
			name = "AR Programming";
			productName = "AR Programming";
			productReference = 90DF732C216F441E00F51E0C /* AR Programming.app */;
			productType = "com.apple.product-type.application";
		};
		90DF7341216F442100F51E0C /* AR ProgrammingTests */ = {
			isa = PBXNativeTarget;
			buildConfigurationList = 90DF734E216F442100F51E0C /* Build configuration list for PBXNativeTarget "AR ProgrammingTests" */;
			buildPhases = (
				90DF733E216F442100F51E0C /* Sources */,
				90DF733F216F442100F51E0C /* Frameworks */,
				90DF7340216F442100F51E0C /* Resources */,
			);
			buildRules = (
			);
			dependencies = (
				90DF7344216F442100F51E0C /* PBXTargetDependency */,
			);
			name = "AR ProgrammingTests";
			productName = "AR ProgrammingTests";
			productReference = 90DF7342216F442100F51E0C /* AR ProgrammingTests.xctest */;
			productType = "com.apple.product-type.bundle.unit-test";
		};
/* End PBXNativeTarget section */

/* Begin PBXProject section */
		90DF7324216F441E00F51E0C /* Project object */ = {
			isa = PBXProject;
			attributes = {
				LastSwiftUpdateCheck = 1000;
				LastUpgradeCheck = 1000;
				ORGANIZATIONNAME = "Kasper Schultz Davidsen";
				TargetAttributes = {
					90DF732B216F441E00F51E0C = {
						CreatedOnToolsVersion = 10.0;
					};
					90DF7341216F442100F51E0C = {
						CreatedOnToolsVersion = 10.0;
						TestTargetID = 90DF732B216F441E00F51E0C;
					};
				};
			};
			buildConfigurationList = 90DF7327216F441E00F51E0C /* Build configuration list for PBXProject "AR Programming" */;
			compatibilityVersion = "Xcode 9.3";
			developmentRegion = en;
			hasScannedForEncodings = 0;
			knownRegions = (
				en,
				Base,
			);
			mainGroup = 90DF7323216F441E00F51E0C;
			productRefGroup = 90DF732D216F441E00F51E0C /* Products */;
			projectDirPath = "";
			projectRoot = "";
			targets = (
				90DF732B216F441E00F51E0C /* AR Programming */,
				90DF7341216F442100F51E0C /* AR ProgrammingTests */,
			);
		};
/* End PBXProject section */

/* Begin PBXResourcesBuildPhase section */
		90DF732A216F441E00F51E0C /* Resources */ = {
			isa = PBXResourcesBuildPhase;
			buildActionMask = 2147483647;
			files = (
				90DF733C216F442000F51E0C /* LaunchScreen.storyboard in Resources */,
				90DF7339216F442000F51E0C /* Assets.xcassets in Resources */,
				90CDABC221773E2700664640 /* Meshes.scnassets in Resources */,
				90DF7337216F441E00F51E0C /* Main.storyboard in Resources */,
			);
			runOnlyForDeploymentPostprocessing = 0;
		};
		90DF7340216F442100F51E0C /* Resources */ = {
			isa = PBXResourcesBuildPhase;
			buildActionMask = 2147483647;
			files = (
			);
			runOnlyForDeploymentPostprocessing = 0;
		};
/* End PBXResourcesBuildPhase section */

/* Begin PBXSourcesBuildPhase section */
		90DF7328216F441E00F51E0C /* Sources */ = {
			isa = PBXSourcesBuildPhase;
			buildActionMask = 2147483647;
			files = (
				C76A214721AC1405008A07D9 /* LevelEntity+CoreDataClass.swift in Sources */,
				900F13542194269F001C2DC2 /* TileMap.swift in Sources */,
				C79CED5D217A0176001487BF /* CardWorld.swift in Sources */,
				901584C82199BDF400450E0B /* LevelViewController.swift in Sources */,
				90CDABC62177623100664640 /* CardSequence.swift in Sources */,
				9057369B2175D1C200F231E1 /* Card.swift in Sources */,
				901584CC2199C32100450E0B /* ARController.swift in Sources */,
				905A3C842179BE54005E3AA5 /* CardScannerDelegate.swift in Sources */,
				901584CA2199BE0200450E0B /* ScanViewController.swift in Sources */,
				6CD69945218F3DE900A9E755 /* CardFactory.swift in Sources */,
				6CEF68612174D11E006E62B8 /* GameViewController.swift in Sources */,
				905A3C8C2179E522005E3AA5 /* PlayingField.swift in Sources */,
				C79CED572179E175001487BF /* Level.swift in Sources */,
				C727312021775A5B00754543 /* JumpCommand.swift in Sources */,
				C74785ED219448F1000148BC /* CardDetailViewController.swift in Sources */,
				6C12D9D821873ECD003D0528 /* Vector2.swift in Sources */,
				6C512972217C95EC00421A48 /* RegressionLine.swift in Sources */,
				90BA0F5C2188A1D7005B6A6B /* RotationCommand.swift in Sources */,
				90CDABC42177425200664640 /* AnimatableNode.swift in Sources */,
				C727311C2177581400754543 /* RightCommand.swift in Sources */,
				900F135A219447AF001C2DC2 /* LevelManager.swift in Sources */,
				C725B2C321A85A7B00DD147A /* Model.xcdatamodeld in Sources */,
				C74785E9219427A3000148BC /* CardCollectionViewCell.swift in Sources */,
				C76A214821AC1405008A07D9 /* LevelEntity+CoreDataProperties.swift in Sources */,
				90DF7330216F441E00F51E0C /* AppDelegate.swift in Sources */,
				905A3C92217A0891005E3AA5 /* LevelSelectViewController.swift in Sources */,
				C74785EB219427F8000148BC /* CardLibraryViewController.swift in Sources */,
				905A3C94217A09D0005E3AA5 /* LevelCollectionViewCell.swift in Sources */,
				905A3C8E2179E582005E3AA5 /* AnchoredNode.swift in Sources */,
				900F13582194405D001C2DC2 /* CardSequenceProgressDelegate.swift in Sources */,
				C7273118217752C400754543 /* CardCommand.swift in Sources */,
				C727311A2177539300754543 /* MoveCommand.swift in Sources */,
				C727311E21775A1100754543 /* LeftCommand.swift in Sources */,
				C79CED592179E193001487BF /* CardMapper.swift in Sources */,
				C7273114217714E900754543 /* Plane.swift in Sources */,
				905A3C882179BE74005E3AA5 /* PlaneDetectorDelegate.swift in Sources */,
			);
			runOnlyForDeploymentPostprocessing = 0;
		};
		90DF733E216F442100F51E0C /* Sources */ = {
			isa = PBXSourcesBuildPhase;
			buildActionMask = 2147483647;
			files = (
				6C512974217C978E00421A48 /* RegressionLineTests.swift in Sources */,
				6C1D399F217BA4630053D482 /* CardSequenceTests.swift in Sources */,
			);
			runOnlyForDeploymentPostprocessing = 0;
		};
/* End PBXSourcesBuildPhase section */

/* Begin PBXTargetDependency section */
		90DF7344216F442100F51E0C /* PBXTargetDependency */ = {
			isa = PBXTargetDependency;
			target = 90DF732B216F441E00F51E0C /* AR Programming */;
			targetProxy = 90DF7343216F442100F51E0C /* PBXContainerItemProxy */;
		};
/* End PBXTargetDependency section */

/* Begin PBXVariantGroup section */
		90DF7335216F441E00F51E0C /* Main.storyboard */ = {
			isa = PBXVariantGroup;
			children = (
				90DF7336216F441E00F51E0C /* Base */,
			);
			name = Main.storyboard;
			sourceTree = "<group>";
		};
		90DF733A216F442000F51E0C /* LaunchScreen.storyboard */ = {
			isa = PBXVariantGroup;
			children = (
				90DF733B216F442000F51E0C /* Base */,
			);
			name = LaunchScreen.storyboard;
			sourceTree = "<group>";
		};
/* End PBXVariantGroup section */

/* Begin XCBuildConfiguration section */
		90DF7349216F442100F51E0C /* Debug */ = {
			isa = XCBuildConfiguration;
			buildSettings = {
				ALWAYS_SEARCH_USER_PATHS = NO;
				CLANG_ANALYZER_NONNULL = YES;
				CLANG_ANALYZER_NUMBER_OBJECT_CONVERSION = YES_AGGRESSIVE;
				CLANG_CXX_LANGUAGE_STANDARD = "gnu++14";
				CLANG_CXX_LIBRARY = "libc++";
				CLANG_ENABLE_MODULES = YES;
				CLANG_ENABLE_OBJC_ARC = YES;
				CLANG_ENABLE_OBJC_WEAK = YES;
				CLANG_WARN_BLOCK_CAPTURE_AUTORELEASING = YES;
				CLANG_WARN_BOOL_CONVERSION = YES;
				CLANG_WARN_COMMA = YES;
				CLANG_WARN_CONSTANT_CONVERSION = YES;
				CLANG_WARN_DEPRECATED_OBJC_IMPLEMENTATIONS = YES;
				CLANG_WARN_DIRECT_OBJC_ISA_USAGE = YES_ERROR;
				CLANG_WARN_DOCUMENTATION_COMMENTS = YES;
				CLANG_WARN_EMPTY_BODY = YES;
				CLANG_WARN_ENUM_CONVERSION = YES;
				CLANG_WARN_INFINITE_RECURSION = YES;
				CLANG_WARN_INT_CONVERSION = YES;
				CLANG_WARN_NON_LITERAL_NULL_CONVERSION = YES;
				CLANG_WARN_OBJC_IMPLICIT_RETAIN_SELF = YES;
				CLANG_WARN_OBJC_LITERAL_CONVERSION = YES;
				CLANG_WARN_OBJC_ROOT_CLASS = YES_ERROR;
				CLANG_WARN_RANGE_LOOP_ANALYSIS = YES;
				CLANG_WARN_STRICT_PROTOTYPES = YES;
				CLANG_WARN_SUSPICIOUS_MOVE = YES;
				CLANG_WARN_UNGUARDED_AVAILABILITY = YES_AGGRESSIVE;
				CLANG_WARN_UNREACHABLE_CODE = YES;
				CLANG_WARN__DUPLICATE_METHOD_MATCH = YES;
				CODE_SIGN_IDENTITY = "iPhone Developer";
				COPY_PHASE_STRIP = NO;
				DEBUG_INFORMATION_FORMAT = dwarf;
				ENABLE_STRICT_OBJC_MSGSEND = YES;
				ENABLE_TESTABILITY = YES;
				GCC_C_LANGUAGE_STANDARD = gnu11;
				GCC_DYNAMIC_NO_PIC = NO;
				GCC_NO_COMMON_BLOCKS = YES;
				GCC_OPTIMIZATION_LEVEL = 0;
				GCC_PREPROCESSOR_DEFINITIONS = (
					"DEBUG=1",
					"$(inherited)",
				);
				GCC_WARN_64_TO_32_BIT_CONVERSION = YES;
				GCC_WARN_ABOUT_RETURN_TYPE = YES_ERROR;
				GCC_WARN_UNDECLARED_SELECTOR = YES;
				GCC_WARN_UNINITIALIZED_AUTOS = YES_AGGRESSIVE;
				GCC_WARN_UNUSED_FUNCTION = YES;
				GCC_WARN_UNUSED_VARIABLE = YES;
				IPHONEOS_DEPLOYMENT_TARGET = 12.0;
				MTL_ENABLE_DEBUG_INFO = INCLUDE_SOURCE;
				MTL_FAST_MATH = YES;
				ONLY_ACTIVE_ARCH = YES;
				SDKROOT = iphoneos;
				SWIFT_ACTIVE_COMPILATION_CONDITIONS = DEBUG;
				SWIFT_OPTIMIZATION_LEVEL = "-Onone";
			};
			name = Debug;
		};
		90DF734A216F442100F51E0C /* Release */ = {
			isa = XCBuildConfiguration;
			buildSettings = {
				ALWAYS_SEARCH_USER_PATHS = NO;
				CLANG_ANALYZER_NONNULL = YES;
				CLANG_ANALYZER_NUMBER_OBJECT_CONVERSION = YES_AGGRESSIVE;
				CLANG_CXX_LANGUAGE_STANDARD = "gnu++14";
				CLANG_CXX_LIBRARY = "libc++";
				CLANG_ENABLE_MODULES = YES;
				CLANG_ENABLE_OBJC_ARC = YES;
				CLANG_ENABLE_OBJC_WEAK = YES;
				CLANG_WARN_BLOCK_CAPTURE_AUTORELEASING = YES;
				CLANG_WARN_BOOL_CONVERSION = YES;
				CLANG_WARN_COMMA = YES;
				CLANG_WARN_CONSTANT_CONVERSION = YES;
				CLANG_WARN_DEPRECATED_OBJC_IMPLEMENTATIONS = YES;
				CLANG_WARN_DIRECT_OBJC_ISA_USAGE = YES_ERROR;
				CLANG_WARN_DOCUMENTATION_COMMENTS = YES;
				CLANG_WARN_EMPTY_BODY = YES;
				CLANG_WARN_ENUM_CONVERSION = YES;
				CLANG_WARN_INFINITE_RECURSION = YES;
				CLANG_WARN_INT_CONVERSION = YES;
				CLANG_WARN_NON_LITERAL_NULL_CONVERSION = YES;
				CLANG_WARN_OBJC_IMPLICIT_RETAIN_SELF = YES;
				CLANG_WARN_OBJC_LITERAL_CONVERSION = YES;
				CLANG_WARN_OBJC_ROOT_CLASS = YES_ERROR;
				CLANG_WARN_RANGE_LOOP_ANALYSIS = YES;
				CLANG_WARN_STRICT_PROTOTYPES = YES;
				CLANG_WARN_SUSPICIOUS_MOVE = YES;
				CLANG_WARN_UNGUARDED_AVAILABILITY = YES_AGGRESSIVE;
				CLANG_WARN_UNREACHABLE_CODE = YES;
				CLANG_WARN__DUPLICATE_METHOD_MATCH = YES;
				CODE_SIGN_IDENTITY = "iPhone Developer";
				COPY_PHASE_STRIP = NO;
				DEBUG_INFORMATION_FORMAT = "dwarf-with-dsym";
				ENABLE_NS_ASSERTIONS = NO;
				ENABLE_STRICT_OBJC_MSGSEND = YES;
				GCC_C_LANGUAGE_STANDARD = gnu11;
				GCC_NO_COMMON_BLOCKS = YES;
				GCC_WARN_64_TO_32_BIT_CONVERSION = YES;
				GCC_WARN_ABOUT_RETURN_TYPE = YES_ERROR;
				GCC_WARN_UNDECLARED_SELECTOR = YES;
				GCC_WARN_UNINITIALIZED_AUTOS = YES_AGGRESSIVE;
				GCC_WARN_UNUSED_FUNCTION = YES;
				GCC_WARN_UNUSED_VARIABLE = YES;
				IPHONEOS_DEPLOYMENT_TARGET = 12.0;
				MTL_ENABLE_DEBUG_INFO = NO;
				MTL_FAST_MATH = YES;
				SDKROOT = iphoneos;
				SWIFT_COMPILATION_MODE = wholemodule;
				SWIFT_OPTIMIZATION_LEVEL = "-O";
				VALIDATE_PRODUCT = YES;
			};
			name = Release;
		};
		90DF734C216F442100F51E0C /* Debug */ = {
			isa = XCBuildConfiguration;
			buildSettings = {
				ASSETCATALOG_COMPILER_APPICON_NAME = AppIcon;
				CODE_SIGN_STYLE = Automatic;
				DEVELOPMENT_TEAM = T8D932Y62R;
				INFOPLIST_FILE = "AR Programming/Info.plist";
				LD_RUNPATH_SEARCH_PATHS = (
					"$(inherited)",
					"@executable_path/Frameworks",
				);
				PRODUCT_BUNDLE_IDENTIFIER = "dk.sdu.group10.AR-Programming";
				PRODUCT_NAME = "$(TARGET_NAME)";
				SWIFT_VERSION = 4.2;
				TARGETED_DEVICE_FAMILY = "1,2";
			};
			name = Debug;
		};
		90DF734D216F442100F51E0C /* Release */ = {
			isa = XCBuildConfiguration;
			buildSettings = {
				ASSETCATALOG_COMPILER_APPICON_NAME = AppIcon;
				CODE_SIGN_STYLE = Automatic;
				DEVELOPMENT_TEAM = T8D932Y62R;
				INFOPLIST_FILE = "AR Programming/Info.plist";
				LD_RUNPATH_SEARCH_PATHS = (
					"$(inherited)",
					"@executable_path/Frameworks",
				);
				PRODUCT_BUNDLE_IDENTIFIER = "dk.sdu.group10.AR-Programming";
				PRODUCT_NAME = "$(TARGET_NAME)";
				SWIFT_VERSION = 4.2;
				TARGETED_DEVICE_FAMILY = "1,2";
			};
			name = Release;
		};
		90DF734F216F442100F51E0C /* Debug */ = {
			isa = XCBuildConfiguration;
			buildSettings = {
				ALWAYS_EMBED_SWIFT_STANDARD_LIBRARIES = YES;
				BUNDLE_LOADER = "$(TEST_HOST)";
				CODE_SIGN_STYLE = Automatic;
				INFOPLIST_FILE = "AR ProgrammingTests/Info.plist";
				LD_RUNPATH_SEARCH_PATHS = (
					"$(inherited)",
					"@executable_path/Frameworks",
					"@loader_path/Frameworks",
				);
				PRODUCT_BUNDLE_IDENTIFIER = "dk.sdu.group10.AR-ProgrammingTests";
				PRODUCT_NAME = "$(TARGET_NAME)";
				SWIFT_VERSION = 4.2;
				TARGETED_DEVICE_FAMILY = "1,2";
				TEST_HOST = "$(BUILT_PRODUCTS_DIR)/AR Programming.app/AR Programming";
			};
			name = Debug;
		};
		90DF7350216F442100F51E0C /* Release */ = {
			isa = XCBuildConfiguration;
			buildSettings = {
				ALWAYS_EMBED_SWIFT_STANDARD_LIBRARIES = YES;
				BUNDLE_LOADER = "$(TEST_HOST)";
				CODE_SIGN_STYLE = Automatic;
				INFOPLIST_FILE = "AR ProgrammingTests/Info.plist";
				LD_RUNPATH_SEARCH_PATHS = (
					"$(inherited)",
					"@executable_path/Frameworks",
					"@loader_path/Frameworks",
				);
				PRODUCT_BUNDLE_IDENTIFIER = "dk.sdu.group10.AR-ProgrammingTests";
				PRODUCT_NAME = "$(TARGET_NAME)";
				SWIFT_VERSION = 4.2;
				TARGETED_DEVICE_FAMILY = "1,2";
				TEST_HOST = "$(BUILT_PRODUCTS_DIR)/AR Programming.app/AR Programming";
			};
			name = Release;
		};
/* End XCBuildConfiguration section */

/* Begin XCConfigurationList section */
		90DF7327216F441E00F51E0C /* Build configuration list for PBXProject "AR Programming" */ = {
			isa = XCConfigurationList;
			buildConfigurations = (
				90DF7349216F442100F51E0C /* Debug */,
				90DF734A216F442100F51E0C /* Release */,
			);
			defaultConfigurationIsVisible = 0;
			defaultConfigurationName = Release;
		};
		90DF734B216F442100F51E0C /* Build configuration list for PBXNativeTarget "AR Programming" */ = {
			isa = XCConfigurationList;
			buildConfigurations = (
				90DF734C216F442100F51E0C /* Debug */,
				90DF734D216F442100F51E0C /* Release */,
			);
			defaultConfigurationIsVisible = 0;
			defaultConfigurationName = Release;
		};
		90DF734E216F442100F51E0C /* Build configuration list for PBXNativeTarget "AR ProgrammingTests" */ = {
			isa = XCConfigurationList;
			buildConfigurations = (
				90DF734F216F442100F51E0C /* Debug */,
				90DF7350216F442100F51E0C /* Release */,
			);
			defaultConfigurationIsVisible = 0;
			defaultConfigurationName = Release;
		};
/* End XCConfigurationList section */

/* Begin XCVersionGroup section */
		C725B2C121A85A7B00DD147A /* Model.xcdatamodeld */ = {
			isa = XCVersionGroup;
			children = (
				C725B2C221A85A7B00DD147A /* Model.xcdatamodel */,
			);
			currentVersion = C725B2C221A85A7B00DD147A /* Model.xcdatamodel */;
			path = Model.xcdatamodeld;
			sourceTree = "<group>";
			versionGroupType = wrapper.xcdatamodel;
		};
/* End XCVersionGroup section */
	};
	rootObject = 90DF7324216F441E00F51E0C /* Project object */;
}
