// !$*UTF8*$!
{
	archiveVersion = 1;
	classes = {
	};
	objectVersion = 50;
	objects = {

/* Begin PBXBuildFile section */
		6CEF68612174D11E006E62B8 /* PlayViewController.swift in Sources */ = {isa = PBXBuildFile; fileRef = 6CEF68602174D11E006E62B8 /* PlayViewController.swift */; };
		90DF7330216F441E00F51E0C /* AppDelegate.swift in Sources */ = {isa = PBXBuildFile; fileRef = 90DF732F216F441E00F51E0C /* AppDelegate.swift */; };
		90DF7332216F441E00F51E0C /* art.scnassets in Resources */ = {isa = PBXBuildFile; fileRef = 90DF7331216F441E00F51E0C /* art.scnassets */; };
		90DF7334216F441E00F51E0C /* ViewController.swift in Sources */ = {isa = PBXBuildFile; fileRef = 90DF7333216F441E00F51E0C /* ViewController.swift */; };
		90DF7337216F441E00F51E0C /* Main.storyboard in Resources */ = {isa = PBXBuildFile; fileRef = 90DF7335216F441E00F51E0C /* Main.storyboard */; };
		90DF7339216F442000F51E0C /* Assets.xcassets in Resources */ = {isa = PBXBuildFile; fileRef = 90DF7338216F442000F51E0C /* Assets.xcassets */; };
		90DF733C216F442000F51E0C /* LaunchScreen.storyboard in Resources */ = {isa = PBXBuildFile; fileRef = 90DF733A216F442000F51E0C /* LaunchScreen.storyboard */; };
		90DF7347216F442100F51E0C /* AR_ProgrammingTests.swift in Sources */ = {isa = PBXBuildFile; fileRef = 90DF7346216F442100F51E0C /* AR_ProgrammingTests.swift */; };
/* End PBXBuildFile section */

/* Begin PBXContainerItemProxy section */
		90DF7343216F442100F51E0C /* PBXContainerItemProxy */ = {
			isa = PBXContainerItemProxy;
			containerPortal = 90DF7324216F441E00F51E0C /* Project object */;
			proxyType = 1;
			remoteGlobalIDString = 90DF732B216F441E00F51E0C;
			remoteInfo = "AR Programming";
		};
/* End PBXContainerItemProxy section */

/* Begin PBXFileReference section */
		6CEF68602174D11E006E62B8 /* PlayViewController.swift */ = {isa = PBXFileReference; lastKnownFileType = sourcecode.swift; path = PlayViewController.swift; sourceTree = "<group>"; };
		90DF732C216F441E00F51E0C /* AR Programming.app */ = {isa = PBXFileReference; explicitFileType = wrapper.application; includeInIndex = 0; path = "AR Programming.app"; sourceTree = BUILT_PRODUCTS_DIR; };
		90DF732F216F441E00F51E0C /* AppDelegate.swift */ = {isa = PBXFileReference; lastKnownFileType = sourcecode.swift; path = AppDelegate.swift; sourceTree = "<group>"; };
		90DF7331216F441E00F51E0C /* art.scnassets */ = {isa = PBXFileReference; lastKnownFileType = wrapper.scnassets; path = art.scnassets; sourceTree = "<group>"; };
		90DF7333216F441E00F51E0C /* ViewController.swift */ = {isa = PBXFileReference; lastKnownFileType = sourcecode.swift; path = ViewController.swift; sourceTree = "<group>"; };
		90DF7336216F441E00F51E0C /* Base */ = {isa = PBXFileReference; lastKnownFileType = file.storyboard; name = Base; path = Base.lproj/Main.storyboard; sourceTree = "<group>"; };
		90DF7338216F442000F51E0C /* Assets.xcassets */ = {isa = PBXFileReference; lastKnownFileType = folder.assetcatalog; path = Assets.xcassets; sourceTree = "<group>"; };
		90DF733B216F442000F51E0C /* Base */ = {isa = PBXFileReference; lastKnownFileType = file.storyboard; name = Base; path = Base.lproj/LaunchScreen.storyboard; sourceTree = "<group>"; };
		90DF733D216F442000F51E0C /* Info.plist */ = {isa = PBXFileReference; lastKnownFileType = text.plist.xml; path = Info.plist; sourceTree = "<group>"; };
		90DF7342216F442100F51E0C /* AR ProgrammingTests.xctest */ = {isa = PBXFileReference; explicitFileType = wrapper.cfbundle; includeInIndex = 0; path = "AR ProgrammingTests.xctest"; sourceTree = BUILT_PRODUCTS_DIR; };
		90DF7346216F442100F51E0C /* AR_ProgrammingTests.swift */ = {isa = PBXFileReference; lastKnownFileType = sourcecode.swift; path = AR_ProgrammingTests.swift; sourceTree = "<group>"; };
		90DF7348216F442100F51E0C /* Info.plist */ = {isa = PBXFileReference; lastKnownFileType = text.plist.xml; path = Info.plist; sourceTree = "<group>"; };
/* End PBXFileReference section */

/* Begin PBXFrameworksBuildPhase section */
		90DF7329216F441E00F51E0C /* Frameworks */ = {
			isa = PBXFrameworksBuildPhase;
			buildActionMask = 2147483647;
			files = (
			);
			runOnlyForDeploymentPostprocessing = 0;
		};
		90DF733F216F442100F51E0C /* Frameworks */ = {
			isa = PBXFrameworksBuildPhase;
			buildActionMask = 2147483647;
			files = (
			);
			runOnlyForDeploymentPostprocessing = 0;
		};
/* End PBXFrameworksBuildPhase section */

/* Begin PBXGroup section */
		90DF7323216F441E00F51E0C = {
			isa = PBXGroup;
			children = (
				90DF732E216F441E00F51E0C /* AR Programming */,
				90DF7345216F442100F51E0C /* AR ProgrammingTests */,
				90DF732D216F441E00F51E0C /* Products */,
			);
			sourceTree = "<group>";
		};
		90DF732D216F441E00F51E0C /* Products */ = {
			isa = PBXGroup;
			children = (
				90DF732C216F441E00F51E0C /* AR Programming.app */,
				90DF7342216F442100F51E0C /* AR ProgrammingTests.xctest */,
			);
			name = Products;
			sourceTree = "<group>";
		};
		90DF732E216F441E00F51E0C /* AR Programming */ = {
			isa = PBXGroup;
			children = (
				90DF732F216F441E00F51E0C /* AppDelegate.swift */,
				90DF7331216F441E00F51E0C /* art.scnassets */,
				90DF7333216F441E00F51E0C /* ViewController.swift */,
				90DF7335216F441E00F51E0C /* Main.storyboard */,
				90DF7338216F442000F51E0C /* Assets.xcassets */,
				90DF733A216F442000F51E0C /* LaunchScreen.storyboard */,
				90DF733D216F442000F51E0C /* Info.plist */,
				6CEF68602174D11E006E62B8 /* PlayViewController.swift */,
			);
			path = "AR Programming";
			sourceTree = "<group>";
		};
		90DF7345216F442100F51E0C /* AR ProgrammingTests */ = {
			isa = PBXGroup;
			children = (
				90DF7346216F442100F51E0C /* AR_ProgrammingTests.swift */,
				90DF7348216F442100F51E0C /* Info.plist */,
			);
			path = "AR ProgrammingTests";
			sourceTree = "<group>";
		};
/* End PBXGroup section */

/* Begin PBXNativeTarget section */
		90DF732B216F441E00F51E0C /* AR Programming */ = {
			isa = PBXNativeTarget;
			buildConfigurationList = 90DF734B216F442100F51E0C /* Build configuration list for PBXNativeTarget "AR Programming" */;
			buildPhases = (
				90DF7328216F441E00F51E0C /* Sources */,
				90DF7329216F441E00F51E0C /* Frameworks */,
				90DF732A216F441E00F51E0C /* Resources */,
			);
			buildRules = (
			);
			dependencies = (
			);
			name = "AR Programming";
			productName = "AR Programming";
			productReference = 90DF732C216F441E00F51E0C /* AR Programming.app */;
			productType = "com.apple.product-type.application";
		};
		90DF7341216F442100F51E0C /* AR ProgrammingTests */ = {
			isa = PBXNativeTarget;
			buildConfigurationList = 90DF734E216F442100F51E0C /* Build configuration list for PBXNativeTarget "AR ProgrammingTests" */;
			buildPhases = (
				90DF733E216F442100F51E0C /* Sources */,
				90DF733F216F442100F51E0C /* Frameworks */,
				90DF7340216F442100F51E0C /* Resources */,
			);
			buildRules = (
			);
			dependencies = (
				90DF7344216F442100F51E0C /* PBXTargetDependency */,
			);
			name = "AR ProgrammingTests";
			productName = "AR ProgrammingTests";
			productReference = 90DF7342216F442100F51E0C /* AR ProgrammingTests.xctest */;
			productType = "com.apple.product-type.bundle.unit-test";
		};
/* End PBXNativeTarget section */

/* Begin PBXProject section */
		90DF7324216F441E00F51E0C /* Project object */ = {
			isa = PBXProject;
			attributes = {
				LastSwiftUpdateCheck = 1000;
				LastUpgradeCheck = 1000;
				ORGANIZATIONNAME = "Kasper Schultz Davidsen";
				TargetAttributes = {
					90DF732B216F441E00F51E0C = {
						CreatedOnToolsVersion = 10.0;
					};
					90DF7341216F442100F51E0C = {
						CreatedOnToolsVersion = 10.0;
						TestTargetID = 90DF732B216F441E00F51E0C;
					};
				};
			};
			buildConfigurationList = 90DF7327216F441E00F51E0C /* Build configuration list for PBXProject "AR Programming" */;
			compatibilityVersion = "Xcode 9.3";
			developmentRegion = en;
			hasScannedForEncodings = 0;
			knownRegions = (
				en,
				Base,
			);
			mainGroup = 90DF7323216F441E00F51E0C;
			productRefGroup = 90DF732D216F441E00F51E0C /* Products */;
			projectDirPath = "";
			projectRoot = "";
			targets = (
				90DF732B216F441E00F51E0C /* AR Programming */,
				90DF7341216F442100F51E0C /* AR ProgrammingTests */,
			);
		};
/* End PBXProject section */

/* Begin PBXResourcesBuildPhase section */
		90DF732A216F441E00F51E0C /* Resources */ = {
			isa = PBXResourcesBuildPhase;
			buildActionMask = 2147483647;
			files = (
				90DF7332216F441E00F51E0C /* art.scnassets in Resources */,
				90DF733C216F442000F51E0C /* LaunchScreen.storyboard in Resources */,
				90DF7339216F442000F51E0C /* Assets.xcassets in Resources */,
				90DF7337216F441E00F51E0C /* Main.storyboard in Resources */,
			);
			runOnlyForDeploymentPostprocessing = 0;
		};
		90DF7340216F442100F51E0C /* Resources */ = {
			isa = PBXResourcesBuildPhase;
			buildActionMask = 2147483647;
			files = (
			);
			runOnlyForDeploymentPostprocessing = 0;
		};
/* End PBXResourcesBuildPhase section */

/* Begin PBXSourcesBuildPhase section */
		90DF7328216F441E00F51E0C /* Sources */ = {
			isa = PBXSourcesBuildPhase;
			buildActionMask = 2147483647;
			files = (
				90DF7334216F441E00F51E0C /* ViewController.swift in Sources */,
				6CEF68612174D11E006E62B8 /* PlayViewController.swift in Sources */,
				90DF7330216F441E00F51E0C /* AppDelegate.swift in Sources */,
			);
			runOnlyForDeploymentPostprocessing = 0;
		};
		90DF733E216F442100F51E0C /* Sources */ = {
			isa = PBXSourcesBuildPhase;
			buildActionMask = 2147483647;
			files = (
				90DF7347216F442100F51E0C /* AR_ProgrammingTests.swift in Sources */,
			);
			runOnlyForDeploymentPostprocessing = 0;
		};
/* End PBXSourcesBuildPhase section */

/* Begin PBXTargetDependency section */
		90DF7344216F442100F51E0C /* PBXTargetDependency */ = {
			isa = PBXTargetDependency;
			target = 90DF732B216F441E00F51E0C /* AR Programming */;
			targetProxy = 90DF7343216F442100F51E0C /* PBXContainerItemProxy */;
		};
/* End PBXTargetDependency section */

/* Begin PBXVariantGroup section */
		90DF7335216F441E00F51E0C /* Main.storyboard */ = {
			isa = PBXVariantGroup;
			children = (
				90DF7336216F441E00F51E0C /* Base */,
			);
			name = Main.storyboard;
			sourceTree = "<group>";
		};
		90DF733A216F442000F51E0C /* LaunchScreen.storyboard */ = {
			isa = PBXVariantGroup;
			children = (
				90DF733B216F442000F51E0C /* Base */,
			);
			name = LaunchScreen.storyboard;
			sourceTree = "<group>";
		};
/* End PBXVariantGroup section */

/* Begin XCBuildConfiguration section */
		90DF7349216F442100F51E0C /* Debug */ = {
			isa = XCBuildConfiguration;
			buildSettings = {
				ALWAYS_SEARCH_USER_PATHS = NO;
				CLANG_ANALYZER_NONNULL = YES;
				CLANG_ANALYZER_NUMBER_OBJECT_CONVERSION = YES_AGGRESSIVE;
				CLANG_CXX_LANGUAGE_STANDARD = "gnu++14";
				CLANG_CXX_LIBRARY = "libc++";
				CLANG_ENABLE_MODULES = YES;
				CLANG_ENABLE_OBJC_ARC = YES;
				CLANG_ENABLE_OBJC_WEAK = YES;
				CLANG_WARN_BLOCK_CAPTURE_AUTORELEASING = YES;
				CLANG_WARN_BOOL_CONVERSION = YES;
				CLANG_WARN_COMMA = YES;
				CLANG_WARN_CONSTANT_CONVERSION = YES;
				CLANG_WARN_DEPRECATED_OBJC_IMPLEMENTATIONS = YES;
				CLANG_WARN_DIRECT_OBJC_ISA_USAGE = YES_ERROR;
				CLANG_WARN_DOCUMENTATION_COMMENTS = YES;
				CLANG_WARN_EMPTY_BODY = YES;
				CLANG_WARN_ENUM_CONVERSION = YES;
				CLANG_WARN_INFINITE_RECURSION = YES;
				CLANG_WARN_INT_CONVERSION = YES;
				CLANG_WARN_NON_LITERAL_NULL_CONVERSION = YES;
				CLANG_WARN_OBJC_IMPLICIT_RETAIN_SELF = YES;
				CLANG_WARN_OBJC_LITERAL_CONVERSION = YES;
				CLANG_WARN_OBJC_ROOT_CLASS = YES_ERROR;
				CLANG_WARN_RANGE_LOOP_ANALYSIS = YES;
				CLANG_WARN_STRICT_PROTOTYPES = YES;
				CLANG_WARN_SUSPICIOUS_MOVE = YES;
				CLANG_WARN_UNGUARDED_AVAILABILITY = YES_AGGRESSIVE;
				CLANG_WARN_UNREACHABLE_CODE = YES;
				CLANG_WARN__DUPLICATE_METHOD_MATCH = YES;
				CODE_SIGN_IDENTITY = "iPhone Developer";
				COPY_PHASE_STRIP = NO;
				DEBUG_INFORMATION_FORMAT = dwarf;
				ENABLE_STRICT_OBJC_MSGSEND = YES;
				ENABLE_TESTABILITY = YES;
				GCC_C_LANGUAGE_STANDARD = gnu11;
				GCC_DYNAMIC_NO_PIC = NO;
				GCC_NO_COMMON_BLOCKS = YES;
				GCC_OPTIMIZATION_LEVEL = 0;
				GCC_PREPROCESSOR_DEFINITIONS = (
					"DEBUG=1",
					"$(inherited)",
				);
				GCC_WARN_64_TO_32_BIT_CONVERSION = YES;
				GCC_WARN_ABOUT_RETURN_TYPE = YES_ERROR;
				GCC_WARN_UNDECLARED_SELECTOR = YES;
				GCC_WARN_UNINITIALIZED_AUTOS = YES_AGGRESSIVE;
				GCC_WARN_UNUSED_FUNCTION = YES;
				GCC_WARN_UNUSED_VARIABLE = YES;
				IPHONEOS_DEPLOYMENT_TARGET = 12.0;
				MTL_ENABLE_DEBUG_INFO = INCLUDE_SOURCE;
				MTL_FAST_MATH = YES;
				ONLY_ACTIVE_ARCH = YES;
				SDKROOT = iphoneos;
				SWIFT_ACTIVE_COMPILATION_CONDITIONS = DEBUG;
				SWIFT_OPTIMIZATION_LEVEL = "-Onone";
			};
			name = Debug;
		};
		90DF734A216F442100F51E0C /* Release */ = {
			isa = XCBuildConfiguration;
			buildSettings = {
				ALWAYS_SEARCH_USER_PATHS = NO;
				CLANG_ANALYZER_NONNULL = YES;
				CLANG_ANALYZER_NUMBER_OBJECT_CONVERSION = YES_AGGRESSIVE;
				CLANG_CXX_LANGUAGE_STANDARD = "gnu++14";
				CLANG_CXX_LIBRARY = "libc++";
				CLANG_ENABLE_MODULES = YES;
				CLANG_ENABLE_OBJC_ARC = YES;
				CLANG_ENABLE_OBJC_WEAK = YES;
				CLANG_WARN_BLOCK_CAPTURE_AUTORELEASING = YES;
				CLANG_WARN_BOOL_CONVERSION = YES;
				CLANG_WARN_COMMA = YES;
				CLANG_WARN_CONSTANT_CONVERSION = YES;
				CLANG_WARN_DEPRECATED_OBJC_IMPLEMENTATIONS = YES;
				CLANG_WARN_DIRECT_OBJC_ISA_USAGE = YES_ERROR;
				CLANG_WARN_DOCUMENTATION_COMMENTS = YES;
				CLANG_WARN_EMPTY_BODY = YES;
				CLANG_WARN_ENUM_CONVERSION = YES;
				CLANG_WARN_INFINITE_RECURSION = YES;
				CLANG_WARN_INT_CONVERSION = YES;
				CLANG_WARN_NON_LITERAL_NULL_CONVERSION = YES;
				CLANG_WARN_OBJC_IMPLICIT_RETAIN_SELF = YES;
				CLANG_WARN_OBJC_LITERAL_CONVERSION = YES;
				CLANG_WARN_OBJC_ROOT_CLASS = YES_ERROR;
				CLANG_WARN_RANGE_LOOP_ANALYSIS = YES;
				CLANG_WARN_STRICT_PROTOTYPES = YES;
				CLANG_WARN_SUSPICIOUS_MOVE = YES;
				CLANG_WARN_UNGUARDED_AVAILABILITY = YES_AGGRESSIVE;
				CLANG_WARN_UNREACHABLE_CODE = YES;
				CLANG_WARN__DUPLICATE_METHOD_MATCH = YES;
				CODE_SIGN_IDENTITY = "iPhone Developer";
				COPY_PHASE_STRIP = NO;
				DEBUG_INFORMATION_FORMAT = "dwarf-with-dsym";
				ENABLE_NS_ASSERTIONS = NO;
				ENABLE_STRICT_OBJC_MSGSEND = YES;
				GCC_C_LANGUAGE_STANDARD = gnu11;
				GCC_NO_COMMON_BLOCKS = YES;
				GCC_WARN_64_TO_32_BIT_CONVERSION = YES;
				GCC_WARN_ABOUT_RETURN_TYPE = YES_ERROR;
				GCC_WARN_UNDECLARED_SELECTOR = YES;
				GCC_WARN_UNINITIALIZED_AUTOS = YES_AGGRESSIVE;
				GCC_WARN_UNUSED_FUNCTION = YES;
				GCC_WARN_UNUSED_VARIABLE = YES;
				IPHONEOS_DEPLOYMENT_TARGET = 12.0;
				MTL_ENABLE_DEBUG_INFO = NO;
				MTL_FAST_MATH = YES;
				SDKROOT = iphoneos;
				SWIFT_COMPILATION_MODE = wholemodule;
				SWIFT_OPTIMIZATION_LEVEL = "-O";
				VALIDATE_PRODUCT = YES;
			};
			name = Release;
		};
		90DF734C216F442100F51E0C /* Debug */ = {
			isa = XCBuildConfiguration;
			buildSettings = {
				ASSETCATALOG_COMPILER_APPICON_NAME = AppIcon;
				CODE_SIGN_STYLE = Automatic;
				INFOPLIST_FILE = "AR Programming/Info.plist";
				LD_RUNPATH_SEARCH_PATHS = (
					"$(inherited)",
					"@executable_path/Frameworks",
				);
				PRODUCT_BUNDLE_IDENTIFIER = "dk.sdu.group10.AR-Programming";
				PRODUCT_NAME = "$(TARGET_NAME)";
				SWIFT_VERSION = 4.2;
				TARGETED_DEVICE_FAMILY = "1,2";
			};
			name = Debug;
		};
		90DF734D216F442100F51E0C /* Release */ = {
			isa = XCBuildConfiguration;
			buildSettings = {
				ASSETCATALOG_COMPILER_APPICON_NAME = AppIcon;
				CODE_SIGN_STYLE = Automatic;
				INFOPLIST_FILE = "AR Programming/Info.plist";
				LD_RUNPATH_SEARCH_PATHS = (
					"$(inherited)",
					"@executable_path/Frameworks",
				);
				PRODUCT_BUNDLE_IDENTIFIER = "dk.sdu.group10.AR-Programming";
				PRODUCT_NAME = "$(TARGET_NAME)";
				SWIFT_VERSION = 4.2;
				TARGETED_DEVICE_FAMILY = "1,2";
			};
			name = Release;
		};
		90DF734F216F442100F51E0C /* Debug */ = {
			isa = XCBuildConfiguration;
			buildSettings = {
				ALWAYS_EMBED_SWIFT_STANDARD_LIBRARIES = YES;
				BUNDLE_LOADER = "$(TEST_HOST)";
				CODE_SIGN_STYLE = Automatic;
				INFOPLIST_FILE = "AR ProgrammingTests/Info.plist";
				LD_RUNPATH_SEARCH_PATHS = (
					"$(inherited)",
					"@executable_path/Frameworks",
					"@loader_path/Frameworks",
				);
				PRODUCT_BUNDLE_IDENTIFIER = "dk.sdu.group10.AR-ProgrammingTests";
				PRODUCT_NAME = "$(TARGET_NAME)";
				SWIFT_VERSION = 4.2;
				TARGETED_DEVICE_FAMILY = "1,2";
				TEST_HOST = "$(BUILT_PRODUCTS_DIR)/AR Programming.app/AR Programming";
			};
			name = Debug;
		};
		90DF7350216F442100F51E0C /* Release */ = {
			isa = XCBuildConfiguration;
			buildSettings = {
				ALWAYS_EMBED_SWIFT_STANDARD_LIBRARIES = YES;
				BUNDLE_LOADER = "$(TEST_HOST)";
				CODE_SIGN_STYLE = Automatic;
				INFOPLIST_FILE = "AR ProgrammingTests/Info.plist";
				LD_RUNPATH_SEARCH_PATHS = (
					"$(inherited)",
					"@executable_path/Frameworks",
					"@loader_path/Frameworks",
				);
				PRODUCT_BUNDLE_IDENTIFIER = "dk.sdu.group10.AR-ProgrammingTests";
				PRODUCT_NAME = "$(TARGET_NAME)";
				SWIFT_VERSION = 4.2;
				TARGETED_DEVICE_FAMILY = "1,2";
				TEST_HOST = "$(BUILT_PRODUCTS_DIR)/AR Programming.app/AR Programming";
			};
			name = Release;
		};
/* End XCBuildConfiguration section */

/* Begin XCConfigurationList section */
		90DF7327216F441E00F51E0C /* Build configuration list for PBXProject "AR Programming" */ = {
			isa = XCConfigurationList;
			buildConfigurations = (
				90DF7349216F442100F51E0C /* Debug */,
				90DF734A216F442100F51E0C /* Release */,
			);
			defaultConfigurationIsVisible = 0;
			defaultConfigurationName = Release;
		};
		90DF734B216F442100F51E0C /* Build configuration list for PBXNativeTarget "AR Programming" */ = {
			isa = XCConfigurationList;
			buildConfigurations = (
				90DF734C216F442100F51E0C /* Debug */,
				90DF734D216F442100F51E0C /* Release */,
			);
			defaultConfigurationIsVisible = 0;
			defaultConfigurationName = Release;
		};
		90DF734E216F442100F51E0C /* Build configuration list for PBXNativeTarget "AR ProgrammingTests" */ = {
			isa = XCConfigurationList;
			buildConfigurations = (
				90DF734F216F442100F51E0C /* Debug */,
				90DF7350216F442100F51E0C /* Release */,
			);
			defaultConfigurationIsVisible = 0;
			defaultConfigurationName = Release;
		};
/* End XCConfigurationList section */
	};
	rootObject = 90DF7324216F441E00F51E0C /* Project object */;
}
